// !$*UTF8*$!
{
	archiveVersion = 1;
	classes = {
	};
	objectVersion = 46;
	objects = {

/* Begin PBXBuildFile section */
		521F96ADB97CBCE51F347099 /* libPods-ModMusica.a in Frameworks */ = {isa = PBXBuildFile; fileRef = C766045950CFEDBA070D14FE /* libPods-ModMusica.a */; };
		F218FF1C1B4DA48D000CB182 /* NSUserDefaults+Mods.m in Sources */ = {isa = PBXBuildFile; fileRef = F218FF1B1B4DA48D000CB182 /* NSUserDefaults+Mods.m */; };
		F218FF221B4DB5BD000CB182 /* MMPurchaseManager.m in Sources */ = {isa = PBXBuildFile; fileRef = F218FF211B4DB5BD000CB182 /* MMPurchaseManager.m */; };
		F218FF881B4DC1F1000CB182 /* MMPinchGestureRecognizer.m in Sources */ = {isa = PBXBuildFile; fileRef = F218FF871B4DC1F1000CB182 /* MMPinchGestureRecognizer.m */; };
		F218FF8E1B4EE7CC000CB182 /* UIColor+HBVHarmonies.m in Sources */ = {isa = PBXBuildFile; fileRef = F218FF8D1B4EE7CC000CB182 /* UIColor+HBVHarmonies.m */; };
		F21CD4CD1B43390800AAE260 /* MMModuleEditCellView.m in Sources */ = {isa = PBXBuildFile; fileRef = F21CD4CC1B43390800AAE260 /* MMModuleEditCellView.m */; };
		F235E6741A33DD0100F67F8E /* BSDKaleidoscopeFilter.m in Sources */ = {isa = PBXBuildFile; fileRef = F235E6711A33DD0100F67F8E /* BSDKaleidoscopeFilter.m */; };
		F2426EE41B90D0BD0014C366 /* Shaders.plist in Resources */ = {isa = PBXBuildFile; fileRef = F2426EE31B90D0BD0014C366 /* Shaders.plist */; };
		F2426EF91B9127970014C366 /* Shader.fsh in Resources */ = {isa = PBXBuildFile; fileRef = F2426EF81B9127970014C366 /* Shader.fsh */; };
		F243BED41B912BF400C5A737 /* FractalKaleidoscope.vsh in Resources */ = {isa = PBXBuildFile; fileRef = F243BEC91B912BF400C5A737 /* FractalKaleidoscope.vsh */; };
		F243BED51B912BF400C5A737 /* GLKShaderViewController+IO.m in Sources */ = {isa = PBXBuildFile; fileRef = F243BECB1B912BF400C5A737 /* GLKShaderViewController+IO.m */; };
		F243BED61B912BF400C5A737 /* GLKShaderViewController+Perspective.m in Sources */ = {isa = PBXBuildFile; fileRef = F243BECD1B912BF400C5A737 /* GLKShaderViewController+Perspective.m */; };
		F243BED71B912BF400C5A737 /* GLKShaderViewController+Setup.m in Sources */ = {isa = PBXBuildFile; fileRef = F243BECF1B912BF400C5A737 /* GLKShaderViewController+Setup.m */; };
		F243BED81B912BF400C5A737 /* GLKShaderViewController+Shaders.m in Sources */ = {isa = PBXBuildFile; fileRef = F243BED11B912BF400C5A737 /* GLKShaderViewController+Shaders.m */; };
		F243BED91B912BF400C5A737 /* MMShaderViewController.m in Sources */ = {isa = PBXBuildFile; fileRef = F243BED31B912BF400C5A737 /* MMShaderViewController.m */; };
		F246C7621B9E294C007154CF /* DancingLines.vsh in Resources */ = {isa = PBXBuildFile; fileRef = F246C7611B9E294C007154CF /* DancingLines.vsh */; };
		F246C7661B9E3631007154CF /* BasicFractal.fsh in Resources */ = {isa = PBXBuildFile; fileRef = F246C7641B9E3631007154CF /* BasicFractal.fsh */; };
		F246C7671B9E3631007154CF /* BasicFractal.vsh in Resources */ = {isa = PBXBuildFile; fileRef = F246C7651B9E3631007154CF /* BasicFractal.vsh */; };
		F246C76A1B9E38CA007154CF /* RaveSpiral.fsh in Resources */ = {isa = PBXBuildFile; fileRef = F246C7681B9E38CA007154CF /* RaveSpiral.fsh */; };
		F246C76B1B9E38CA007154CF /* RaveSpiral.vsh in Resources */ = {isa = PBXBuildFile; fileRef = F246C7691B9E38CA007154CF /* RaveSpiral.vsh */; };
		F246C77B1B9E711D007154CF /* Info.plist in Resources */ = {isa = PBXBuildFile; fileRef = F246C76D1B9E711D007154CF /* Info.plist */; };
		F246C77C1B9E711D007154CF /* ioapi.c in Sources */ = {isa = PBXBuildFile; fileRef = F246C7701B9E711D007154CF /* ioapi.c */; };
		F246C77D1B9E711D007154CF /* mztools.c in Sources */ = {isa = PBXBuildFile; fileRef = F246C7721B9E711D007154CF /* mztools.c */; };
		F246C77E1B9E711D007154CF /* unzip.c in Sources */ = {isa = PBXBuildFile; fileRef = F246C7741B9E711D007154CF /* unzip.c */; };
		F246C77F1B9E711D007154CF /* zip.c in Sources */ = {isa = PBXBuildFile; fileRef = F246C7761B9E711D007154CF /* zip.c */; };
		F246C7801B9E711D007154CF /* SNZipArchive.m in Sources */ = {isa = PBXBuildFile; fileRef = F246C7791B9E711D007154CF /* SNZipArchive.m */; };
		F246C7821B9E7326007154CF /* libz.dylib in Frameworks */ = {isa = PBXBuildFile; fileRef = F246C7811B9E7326007154CF /* libz.dylib */; };
		F246EF151A01A86400357005 /* modmusica_1.pd in Resources */ = {isa = PBXBuildFile; fileRef = F246EF141A01A86400357005 /* modmusica_1.pd */; };
		F24A3E9E1A0058300074471B /* AudioToolbox.framework in Frameworks */ = {isa = PBXBuildFile; fileRef = F24A3E9D1A0058300074471B /* AudioToolbox.framework */; };
		F24F18BE1B8FC836003C5389 /* Bacteria.fsh in Resources */ = {isa = PBXBuildFile; fileRef = F24F18AD1B8FC836003C5389 /* Bacteria.fsh */; };
		F24F18BF1B8FC836003C5389 /* DancingLines.fsh in Resources */ = {isa = PBXBuildFile; fileRef = F24F18AE1B8FC836003C5389 /* DancingLines.fsh */; };
		F24F18C01B8FC836003C5389 /* FractalKaleidoscope.fsh in Resources */ = {isa = PBXBuildFile; fileRef = F24F18AF1B8FC836003C5389 /* FractalKaleidoscope.fsh */; };
		F24F18C11B8FC836003C5389 /* GLKShaderViewController.m in Sources */ = {isa = PBXBuildFile; fileRef = F24F18B11B8FC836003C5389 /* GLKShaderViewController.m */; };
		F24F18C21B8FC836003C5389 /* Kaleidoscope.fsh in Resources */ = {isa = PBXBuildFile; fileRef = F24F18B21B8FC836003C5389 /* Kaleidoscope.fsh */; };
		F24F18C31B8FC836003C5389 /* Menger.fsh in Resources */ = {isa = PBXBuildFile; fileRef = F24F18B31B8FC836003C5389 /* Menger.fsh */; };
		F24F18C41B8FC836003C5389 /* Moutains.fsh in Resources */ = {isa = PBXBuildFile; fileRef = F24F18B41B8FC836003C5389 /* Moutains.fsh */; };
		F24F18C51B8FC836003C5389 /* PassThruVertexShader.vsh in Resources */ = {isa = PBXBuildFile; fileRef = F24F18B51B8FC836003C5389 /* PassThruVertexShader.vsh */; };
		F24F18C61B8FC836003C5389 /* River.fsh in Resources */ = {isa = PBXBuildFile; fileRef = F24F18B61B8FC836003C5389 /* River.fsh */; };
		F24F18C71B8FC836003C5389 /* Riverbed.jpg in Resources */ = {isa = PBXBuildFile; fileRef = F24F18B71B8FC836003C5389 /* Riverbed.jpg */; };
		F24F18C81B8FC836003C5389 /* Shader.vsh in Resources */ = {isa = PBXBuildFile; fileRef = F24F18B81B8FC836003C5389 /* Shader.vsh */; };
		F24F18C91B8FC836003C5389 /* ShaderToyTemplate.txt in Resources */ = {isa = PBXBuildFile; fileRef = F24F18B91B8FC836003C5389 /* ShaderToyTemplate.txt */; };
		F24F18D21B8FC8AA003C5389 /* MMShaderViewController+Button.m in Sources */ = {isa = PBXBuildFile; fileRef = F24F18D11B8FC8AA003C5389 /* MMShaderViewController+Button.m */; };
		F24F18D51B8FC8C2003C5389 /* MMShaderViewController+Labels.m in Sources */ = {isa = PBXBuildFile; fileRef = F24F18D41B8FC8C2003C5389 /* MMShaderViewController+Labels.m */; };
		F24F18D81B8FCCCE003C5389 /* beetle.png in Resources */ = {isa = PBXBuildFile; fileRef = F24F18D61B8FCCCE003C5389 /* beetle.png */; };
		F24F18D91B8FCCCE003C5389 /* leaves.gif in Resources */ = {isa = PBXBuildFile; fileRef = F24F18D71B8FCCCE003C5389 /* leaves.gif */; };
		F24F18DE1B8FCCEB003C5389 /* AGLKVertexAttribArrayBuffer.m in Sources */ = {isa = PBXBuildFile; fileRef = F24F18DB1B8FCCEB003C5389 /* AGLKVertexAttribArrayBuffer.m */; };
		F24F18DF1B8FCCEB003C5389 /* AGLKContext.m in Sources */ = {isa = PBXBuildFile; fileRef = F24F18DD1B8FCCEB003C5389 /* AGLKContext.m */; };
		F24F18E61B8FECE8003C5389 /* KaleidoscopeStarburst.fsh in Resources */ = {isa = PBXBuildFile; fileRef = F24F18E31B8FECE8003C5389 /* KaleidoscopeStarburst.fsh */; };
		F24F18E71B8FECE8003C5389 /* SimpleKaleidoscope.fsh in Resources */ = {isa = PBXBuildFile; fileRef = F24F18E41B8FECE8003C5389 /* SimpleKaleidoscope.fsh */; };
		F24F18E81B8FECE8003C5389 /* Tunnel.fsh in Resources */ = {isa = PBXBuildFile; fileRef = F24F18E51B8FECE8003C5389 /* Tunnel.fsh */; };
		F2575C121B2792EA00DE5571 /* MMModuleViewController.m in Sources */ = {isa = PBXBuildFile; fileRef = F2575C111B2792EA00DE5571 /* MMModuleViewController.m */; };
		F2575C151B27930300DE5571 /* MMModuleCellView.m in Sources */ = {isa = PBXBuildFile; fileRef = F2575C141B27930300DE5571 /* MMModuleCellView.m */; };
		F26A69BB1B4B802E002F0736 /* StoreKit.framework in Frameworks */ = {isa = PBXBuildFile; fileRef = F26A69BA1B4B802E002F0736 /* StoreKit.framework */; };
		F2917A001B4CBD4B0048591D /* MMLongPressGestureRecognizer.m in Sources */ = {isa = PBXBuildFile; fileRef = F29179FF1B4CBD4B0048591D /* MMLongPressGestureRecognizer.m */; };
		F2917A031B4CC67B0048591D /* MMTapGestureRecognizer.m in Sources */ = {isa = PBXBuildFile; fileRef = F2917A021B4CC67B0048591D /* MMTapGestureRecognizer.m */; };
		F2917A081B4CCF6F0048591D /* MMRootViewController+GLK.m in Sources */ = {isa = PBXBuildFile; fileRef = F2917A071B4CCF6F0048591D /* MMRootViewController+GLK.m */; };
		F298829F1A02BE50005F9B94 /* MMFileReader.m in Sources */ = {isa = PBXBuildFile; fileRef = F298829E1A02BE50005F9B94 /* MMFileReader.m */; };
		F29882A61A02C854005F9B94 /* MMPatternLoader.m in Sources */ = {isa = PBXBuildFile; fileRef = F29882A51A02C854005F9B94 /* MMPatternLoader.m */; };
		F2A4C26A1B6058AB00AA6EC9 /* MMModuleManager+Packages.m in Sources */ = {isa = PBXBuildFile; fileRef = F2A4C2691B6058AB00AA6EC9 /* MMModuleManager+Packages.m */; };
		F2A4C2701B60612B00AA6EC9 /* MMPlaybackController+ResourceLoader.m in Sources */ = {isa = PBXBuildFile; fileRef = F2A4C26F1B60612B00AA6EC9 /* MMPlaybackController+ResourceLoader.m */; };
		F2B2AB5119FF1739003042D6 /* main.m in Sources */ = {isa = PBXBuildFile; fileRef = F2B2AB5019FF1739003042D6 /* main.m */; };
		F2B2AB5419FF1739003042D6 /* AppDelegate.m in Sources */ = {isa = PBXBuildFile; fileRef = F2B2AB5319FF1739003042D6 /* AppDelegate.m */; };
		F2B2AB5A19FF1739003042D6 /* Main.storyboard in Resources */ = {isa = PBXBuildFile; fileRef = F2B2AB5819FF1739003042D6 /* Main.storyboard */; };
		F2B2AB5C19FF1739003042D6 /* Images.xcassets in Resources */ = {isa = PBXBuildFile; fileRef = F2B2AB5B19FF1739003042D6 /* Images.xcassets */; };
		F2B2AB5F19FF1739003042D6 /* LaunchScreen.xib in Resources */ = {isa = PBXBuildFile; fileRef = F2B2AB5D19FF1739003042D6 /* LaunchScreen.xib */; };
		F2B2AB6B19FF1739003042D6 /* ModMusicaTests.m in Sources */ = {isa = PBXBuildFile; fileRef = F2B2AB6A19FF1739003042D6 /* ModMusicaTests.m */; };
		F2B2AF4319FF27BE003042D6 /* vexp_fun.c in Sources */ = {isa = PBXBuildFile; fileRef = F2B2AD5819FF27BE003042D6 /* vexp_fun.c */; };
		F2B2AF4419FF27BE003042D6 /* vexp_if.c in Sources */ = {isa = PBXBuildFile; fileRef = F2B2AD5919FF27BE003042D6 /* vexp_if.c */; };
		F2B2AF4519FF27BE003042D6 /* vexp.c in Sources */ = {isa = PBXBuildFile; fileRef = F2B2AD5A19FF27BE003042D6 /* vexp.c */; };
		F2B2B0F219FF281F003042D6 /* bonk~-help.pd in Resources */ = {isa = PBXBuildFile; fileRef = F2B2AFDD19FF281E003042D6 /* bonk~-help.pd */; };
		F2B2B0F319FF281F003042D6 /* bonk~.c in Sources */ = {isa = PBXBuildFile; fileRef = F2B2AFDE19FF281E003042D6 /* bonk~.c */; };
		F2B2B16619FF281F003042D6 /* fiddle~.c in Sources */ = {isa = PBXBuildFile; fileRef = F2B2B05219FF281E003042D6 /* fiddle~.c */; };
		F2B2B17019FF281F003042D6 /* Helmholtz.cpp in Sources */ = {isa = PBXBuildFile; fileRef = F2B2B05D19FF281F003042D6 /* Helmholtz.cpp */; };
		F2B2B17119FF281F003042D6 /* helmholtz~.cpp in Sources */ = {isa = PBXBuildFile; fileRef = F2B2B05F19FF281F003042D6 /* helmholtz~.cpp */; };
		F2CC50F21B68699C004A451D /* packages in Resources */ = {isa = PBXBuildFile; fileRef = F2CC50F11B68699C004A451D /* packages */; };
		F2D06FAA1B291A6100AA7708 /* HamburgerButton.m in Sources */ = {isa = PBXBuildFile; fileRef = F2D06FA91B291A6100AA7708 /* HamburgerButton.m */; };
		F2D3DFA91B3A10A8000AA933 /* MMRootViewController.m in Sources */ = {isa = PBXBuildFile; fileRef = F2D3DFA81B3A10A8000AA933 /* MMRootViewController.m */; };
		F2D3DFAF1B3A1859000AA933 /* MMRootViewController+Mods.m in Sources */ = {isa = PBXBuildFile; fileRef = F2D3DFAE1B3A1859000AA933 /* MMRootViewController+Mods.m */; };
		F2D564341B2CCFE9008D9C76 /* MMModuleManager.m in Sources */ = {isa = PBXBuildFile; fileRef = F2D564331B2CCFE9008D9C76 /* MMModuleManager.m */; };
		F2DE9E9A1B222BC200FEBE5F /* MMPlaybackController.m in Sources */ = {isa = PBXBuildFile; fileRef = F2DE9E991B222BC200FEBE5F /* MMPlaybackController.m */; };
		F2DE9EA01B22328C00FEBE5F /* UIView+Layout.m in Sources */ = {isa = PBXBuildFile; fileRef = F2DE9E9E1B22328C00FEBE5F /* UIView+Layout.m */; };
		F2DE9EA21B2235F700FEBE5F /* Icon@2x.png in Resources */ = {isa = PBXBuildFile; fileRef = F2DE9EA11B2235F700FEBE5F /* Icon@2x.png */; };
		F2DE9EA81B22407600FEBE5F /* MMScopeDataSource.m in Sources */ = {isa = PBXBuildFile; fileRef = F2DE9EA71B22407600FEBE5F /* MMScopeDataSource.m */; };
		F2DE9EBB1B225A1C00FEBE5F /* CALayer+Image.m in Sources */ = {isa = PBXBuildFile; fileRef = F2DE9EBA1B225A1C00FEBE5F /* CALayer+Image.m */; };
		F2DE9EC11B22928100FEBE5F /* MMStepCounter.m in Sources */ = {isa = PBXBuildFile; fileRef = F2DE9EC01B22928100FEBE5F /* MMStepCounter.m */; };
		F2F0FE941B34D27B00B00A21 /* MyGLKViewController+Labels.m in Sources */ = {isa = PBXBuildFile; fileRef = F2F0FE931B34D27B00B00A21 /* MyGLKViewController+Labels.m */; };
		F2F676AB1B2B900400CA79A9 /* MyGLKViewController.m in Sources */ = {isa = PBXBuildFile; fileRef = F2F676AA1B2B900400CA79A9 /* MyGLKViewController.m */; };
		F2FC4FE71B3DEDD6000CE7EB /* MyGLKViewController+Button.m in Sources */ = {isa = PBXBuildFile; fileRef = F2FC4FE61B3DEDD6000CE7EB /* MyGLKViewController+Button.m */; };
		F2FC4FF31B3E19CB000CE7EB /* MMModuleSwitchCellView.m in Sources */ = {isa = PBXBuildFile; fileRef = F2FC4FF21B3E19CB000CE7EB /* MMModuleSwitchCellView.m */; };
		F2FC995F1B6EBEBD00ABC06E /* mm_textfile.c in Sources */ = {isa = PBXBuildFile; fileRef = F2FC995E1B6EBEBD00ABC06E /* mm_textfile.c */; };
/* End PBXBuildFile section */

/* Begin PBXContainerItemProxy section */
		F2B2AB6519FF1739003042D6 /* PBXContainerItemProxy */ = {
			isa = PBXContainerItemProxy;
			containerPortal = F2B2AB4319FF1739003042D6 /* Project object */;
			proxyType = 1;
			remoteGlobalIDString = F2B2AB4A19FF1739003042D6;
			remoteInfo = ModMusica;
		};
/* End PBXContainerItemProxy section */

/* Begin PBXFileReference section */
		5C30F41CE71A6CAD48C558B2 /* Pods-ModMusica.debug.xcconfig */ = {isa = PBXFileReference; includeInIndex = 1; lastKnownFileType = text.xcconfig; name = "Pods-ModMusica.debug.xcconfig"; path = "Pods/Target Support Files/Pods-ModMusica/Pods-ModMusica.debug.xcconfig"; sourceTree = "<group>"; };
		79D374DB4130BD64E7F9080A /* Pods-ModMusica.release.xcconfig */ = {isa = PBXFileReference; includeInIndex = 1; lastKnownFileType = text.xcconfig; name = "Pods-ModMusica.release.xcconfig"; path = "Pods/Target Support Files/Pods-ModMusica/Pods-ModMusica.release.xcconfig"; sourceTree = "<group>"; };
		C766045950CFEDBA070D14FE /* libPods-ModMusica.a */ = {isa = PBXFileReference; explicitFileType = archive.ar; includeInIndex = 0; path = "libPods-ModMusica.a"; sourceTree = BUILT_PRODUCTS_DIR; };
		F218FF1A1B4DA48D000CB182 /* NSUserDefaults+Mods.h */ = {isa = PBXFileReference; fileEncoding = 4; lastKnownFileType = sourcecode.c.h; path = "NSUserDefaults+Mods.h"; sourceTree = "<group>"; };
		F218FF1B1B4DA48D000CB182 /* NSUserDefaults+Mods.m */ = {isa = PBXFileReference; fileEncoding = 4; lastKnownFileType = sourcecode.c.objc; path = "NSUserDefaults+Mods.m"; sourceTree = "<group>"; };
		F218FF201B4DB5BD000CB182 /* MMPurchaseManager.h */ = {isa = PBXFileReference; fileEncoding = 4; lastKnownFileType = sourcecode.c.h; path = MMPurchaseManager.h; sourceTree = "<group>"; };
		F218FF211B4DB5BD000CB182 /* MMPurchaseManager.m */ = {isa = PBXFileReference; fileEncoding = 4; lastKnownFileType = sourcecode.c.objc; path = MMPurchaseManager.m; sourceTree = "<group>"; };
		F218FF861B4DC1F1000CB182 /* MMPinchGestureRecognizer.h */ = {isa = PBXFileReference; fileEncoding = 4; lastKnownFileType = sourcecode.c.h; path = MMPinchGestureRecognizer.h; sourceTree = "<group>"; };
		F218FF871B4DC1F1000CB182 /* MMPinchGestureRecognizer.m */ = {isa = PBXFileReference; fileEncoding = 4; lastKnownFileType = sourcecode.c.objc; path = MMPinchGestureRecognizer.m; sourceTree = "<group>"; };
		F218FF8C1B4EE7CC000CB182 /* UIColor+HBVHarmonies.h */ = {isa = PBXFileReference; fileEncoding = 4; lastKnownFileType = sourcecode.c.h; path = "UIColor+HBVHarmonies.h"; sourceTree = "<group>"; };
		F218FF8D1B4EE7CC000CB182 /* UIColor+HBVHarmonies.m */ = {isa = PBXFileReference; fileEncoding = 4; lastKnownFileType = sourcecode.c.objc; path = "UIColor+HBVHarmonies.m"; sourceTree = "<group>"; };
		F21CD4CB1B43390800AAE260 /* MMModuleEditCellView.h */ = {isa = PBXFileReference; fileEncoding = 4; lastKnownFileType = sourcecode.c.h; path = MMModuleEditCellView.h; sourceTree = "<group>"; };
		F21CD4CC1B43390800AAE260 /* MMModuleEditCellView.m */ = {isa = PBXFileReference; fileEncoding = 4; lastKnownFileType = sourcecode.c.objc; path = MMModuleEditCellView.m; sourceTree = "<group>"; };
		F235E6711A33DD0100F67F8E /* BSDKaleidoscopeFilter.m */ = {isa = PBXFileReference; fileEncoding = 4; lastKnownFileType = sourcecode.c.objc; path = BSDKaleidoscopeFilter.m; sourceTree = "<group>"; };
		F235E6721A33DD0100F67F8E /* BSDKaleidoscopeFilter.h */ = {isa = PBXFileReference; fileEncoding = 4; lastKnownFileType = sourcecode.c.h; path = BSDKaleidoscopeFilter.h; sourceTree = "<group>"; };
		F2426EE31B90D0BD0014C366 /* Shaders.plist */ = {isa = PBXFileReference; fileEncoding = 4; lastKnownFileType = text.plist.xml; name = Shaders.plist; path = ../../../../../../ModMusica/ModMusica/Shaders.plist; sourceTree = "<group>"; };
		F2426EF81B9127970014C366 /* Shader.fsh */ = {isa = PBXFileReference; fileEncoding = 4; lastKnownFileType = sourcecode.glsl; name = Shader.fsh; path = ../Shaders/Shader.fsh; sourceTree = "<group>"; };
		F243BEC91B912BF400C5A737 /* FractalKaleidoscope.vsh */ = {isa = PBXFileReference; fileEncoding = 4; lastKnownFileType = sourcecode.glsl; path = FractalKaleidoscope.vsh; sourceTree = "<group>"; };
		F243BECA1B912BF400C5A737 /* GLKShaderViewController+IO.h */ = {isa = PBXFileReference; fileEncoding = 4; lastKnownFileType = sourcecode.c.h; path = "GLKShaderViewController+IO.h"; sourceTree = "<group>"; };
		F243BECB1B912BF400C5A737 /* GLKShaderViewController+IO.m */ = {isa = PBXFileReference; fileEncoding = 4; lastKnownFileType = sourcecode.c.objc; path = "GLKShaderViewController+IO.m"; sourceTree = "<group>"; };
		F243BECC1B912BF400C5A737 /* GLKShaderViewController+Perspective.h */ = {isa = PBXFileReference; fileEncoding = 4; lastKnownFileType = sourcecode.c.h; path = "GLKShaderViewController+Perspective.h"; sourceTree = "<group>"; };
		F243BECD1B912BF400C5A737 /* GLKShaderViewController+Perspective.m */ = {isa = PBXFileReference; fileEncoding = 4; lastKnownFileType = sourcecode.c.objc; path = "GLKShaderViewController+Perspective.m"; sourceTree = "<group>"; };
		F243BECE1B912BF400C5A737 /* GLKShaderViewController+Setup.h */ = {isa = PBXFileReference; fileEncoding = 4; lastKnownFileType = sourcecode.c.h; path = "GLKShaderViewController+Setup.h"; sourceTree = "<group>"; };
		F243BECF1B912BF400C5A737 /* GLKShaderViewController+Setup.m */ = {isa = PBXFileReference; fileEncoding = 4; lastKnownFileType = sourcecode.c.objc; path = "GLKShaderViewController+Setup.m"; sourceTree = "<group>"; };
		F243BED01B912BF400C5A737 /* GLKShaderViewController+Shaders.h */ = {isa = PBXFileReference; fileEncoding = 4; lastKnownFileType = sourcecode.c.h; path = "GLKShaderViewController+Shaders.h"; sourceTree = "<group>"; };
		F243BED11B912BF400C5A737 /* GLKShaderViewController+Shaders.m */ = {isa = PBXFileReference; fileEncoding = 4; lastKnownFileType = sourcecode.c.objc; path = "GLKShaderViewController+Shaders.m"; sourceTree = "<group>"; };
		F243BED21B912BF400C5A737 /* MMShaderViewController.h */ = {isa = PBXFileReference; fileEncoding = 4; lastKnownFileType = sourcecode.c.h; path = MMShaderViewController.h; sourceTree = "<group>"; };
		F243BED31B912BF400C5A737 /* MMShaderViewController.m */ = {isa = PBXFileReference; fileEncoding = 4; lastKnownFileType = sourcecode.c.objc; path = MMShaderViewController.m; sourceTree = "<group>"; };
		F246C7611B9E294C007154CF /* DancingLines.vsh */ = {isa = PBXFileReference; fileEncoding = 4; lastKnownFileType = sourcecode.glsl; path = DancingLines.vsh; sourceTree = "<group>"; };
		F246C7641B9E3631007154CF /* BasicFractal.fsh */ = {isa = PBXFileReference; fileEncoding = 4; lastKnownFileType = sourcecode.glsl; path = BasicFractal.fsh; sourceTree = "<group>"; };
		F246C7651B9E3631007154CF /* BasicFractal.vsh */ = {isa = PBXFileReference; fileEncoding = 4; lastKnownFileType = sourcecode.glsl; path = BasicFractal.vsh; sourceTree = "<group>"; };
		F246C7681B9E38CA007154CF /* RaveSpiral.fsh */ = {isa = PBXFileReference; fileEncoding = 4; lastKnownFileType = sourcecode.glsl; path = RaveSpiral.fsh; sourceTree = "<group>"; };
		F246C7691B9E38CA007154CF /* RaveSpiral.vsh */ = {isa = PBXFileReference; fileEncoding = 4; lastKnownFileType = sourcecode.glsl; path = RaveSpiral.vsh; sourceTree = "<group>"; };
		F246C76D1B9E711D007154CF /* Info.plist */ = {isa = PBXFileReference; fileEncoding = 4; lastKnownFileType = text.plist.xml; path = Info.plist; sourceTree = "<group>"; };
		F246C76F1B9E711D007154CF /* crypt.h */ = {isa = PBXFileReference; fileEncoding = 4; lastKnownFileType = sourcecode.c.h; path = crypt.h; sourceTree = "<group>"; };
		F246C7701B9E711D007154CF /* ioapi.c */ = {isa = PBXFileReference; fileEncoding = 4; lastKnownFileType = sourcecode.c.c; path = ioapi.c; sourceTree = "<group>"; };
		F246C7711B9E711D007154CF /* ioapi.h */ = {isa = PBXFileReference; fileEncoding = 4; lastKnownFileType = sourcecode.c.h; path = ioapi.h; sourceTree = "<group>"; };
		F246C7721B9E711D007154CF /* mztools.c */ = {isa = PBXFileReference; fileEncoding = 4; lastKnownFileType = sourcecode.c.c; path = mztools.c; sourceTree = "<group>"; };
		F246C7731B9E711D007154CF /* mztools.h */ = {isa = PBXFileReference; fileEncoding = 4; lastKnownFileType = sourcecode.c.h; path = mztools.h; sourceTree = "<group>"; };
		F246C7741B9E711D007154CF /* unzip.c */ = {isa = PBXFileReference; fileEncoding = 4; lastKnownFileType = sourcecode.c.c; path = unzip.c; sourceTree = "<group>"; };
		F246C7751B9E711D007154CF /* unzip.h */ = {isa = PBXFileReference; fileEncoding = 4; lastKnownFileType = sourcecode.c.h; path = unzip.h; sourceTree = "<group>"; };
		F246C7761B9E711D007154CF /* zip.c */ = {isa = PBXFileReference; fileEncoding = 4; lastKnownFileType = sourcecode.c.c; path = zip.c; sourceTree = "<group>"; };
		F246C7771B9E711D007154CF /* zip.h */ = {isa = PBXFileReference; fileEncoding = 4; lastKnownFileType = sourcecode.c.h; path = zip.h; sourceTree = "<group>"; };
		F246C7781B9E711D007154CF /* SNZipArchive.h */ = {isa = PBXFileReference; fileEncoding = 4; lastKnownFileType = sourcecode.c.h; path = SNZipArchive.h; sourceTree = "<group>"; };
		F246C7791B9E711D007154CF /* SNZipArchive.m */ = {isa = PBXFileReference; fileEncoding = 4; lastKnownFileType = sourcecode.c.objc; path = SNZipArchive.m; sourceTree = "<group>"; };
		F246C77A1B9E711D007154CF /* ZipArchive.h */ = {isa = PBXFileReference; fileEncoding = 4; lastKnownFileType = sourcecode.c.h; path = ZipArchive.h; sourceTree = "<group>"; };
		F246C7811B9E7326007154CF /* libz.dylib */ = {isa = PBXFileReference; lastKnownFileType = "compiled.mach-o.dylib"; name = libz.dylib; path = usr/lib/libz.dylib; sourceTree = SDKROOT; };
		F246EF141A01A86400357005 /* modmusica_1.pd */ = {isa = PBXFileReference; fileEncoding = 4; lastKnownFileType = text; path = modmusica_1.pd; sourceTree = "<group>"; };
		F24A3E9C1A0058300074471B /* ModMusica.entitlements */ = {isa = PBXFileReference; lastKnownFileType = text.xml; path = ModMusica.entitlements; sourceTree = "<group>"; };
		F24A3E9D1A0058300074471B /* AudioToolbox.framework */ = {isa = PBXFileReference; lastKnownFileType = wrapper.framework; name = AudioToolbox.framework; path = System/Library/Frameworks/AudioToolbox.framework; sourceTree = SDKROOT; };
		F24F18AD1B8FC836003C5389 /* Bacteria.fsh */ = {isa = PBXFileReference; fileEncoding = 4; lastKnownFileType = sourcecode.glsl; path = Bacteria.fsh; sourceTree = "<group>"; };
		F24F18AE1B8FC836003C5389 /* DancingLines.fsh */ = {isa = PBXFileReference; fileEncoding = 4; lastKnownFileType = sourcecode.glsl; path = DancingLines.fsh; sourceTree = "<group>"; };
		F24F18AF1B8FC836003C5389 /* FractalKaleidoscope.fsh */ = {isa = PBXFileReference; fileEncoding = 4; lastKnownFileType = sourcecode.glsl; path = FractalKaleidoscope.fsh; sourceTree = "<group>"; };
		F24F18B01B8FC836003C5389 /* GLKShaderViewController.h */ = {isa = PBXFileReference; fileEncoding = 4; lastKnownFileType = sourcecode.c.h; path = GLKShaderViewController.h; sourceTree = "<group>"; };
		F24F18B11B8FC836003C5389 /* GLKShaderViewController.m */ = {isa = PBXFileReference; fileEncoding = 4; lastKnownFileType = sourcecode.c.objc; path = GLKShaderViewController.m; sourceTree = "<group>"; };
		F24F18B21B8FC836003C5389 /* Kaleidoscope.fsh */ = {isa = PBXFileReference; fileEncoding = 4; lastKnownFileType = sourcecode.glsl; path = Kaleidoscope.fsh; sourceTree = "<group>"; };
		F24F18B31B8FC836003C5389 /* Menger.fsh */ = {isa = PBXFileReference; fileEncoding = 4; lastKnownFileType = sourcecode.glsl; path = Menger.fsh; sourceTree = "<group>"; };
		F24F18B41B8FC836003C5389 /* Moutains.fsh */ = {isa = PBXFileReference; fileEncoding = 4; lastKnownFileType = sourcecode.glsl; path = Moutains.fsh; sourceTree = "<group>"; };
		F24F18B51B8FC836003C5389 /* PassThruVertexShader.vsh */ = {isa = PBXFileReference; fileEncoding = 4; lastKnownFileType = sourcecode.glsl; path = PassThruVertexShader.vsh; sourceTree = "<group>"; };
		F24F18B61B8FC836003C5389 /* River.fsh */ = {isa = PBXFileReference; fileEncoding = 4; lastKnownFileType = sourcecode.glsl; path = River.fsh; sourceTree = "<group>"; };
		F24F18B71B8FC836003C5389 /* Riverbed.jpg */ = {isa = PBXFileReference; lastKnownFileType = image.jpeg; path = Riverbed.jpg; sourceTree = "<group>"; };
		F24F18B81B8FC836003C5389 /* Shader.vsh */ = {isa = PBXFileReference; fileEncoding = 4; lastKnownFileType = sourcecode.glsl; path = Shader.vsh; sourceTree = "<group>"; };
		F24F18B91B8FC836003C5389 /* ShaderToyTemplate.txt */ = {isa = PBXFileReference; fileEncoding = 4; lastKnownFileType = text; path = ShaderToyTemplate.txt; sourceTree = "<group>"; };
		F24F18D01B8FC8AA003C5389 /* MMShaderViewController+Button.h */ = {isa = PBXFileReference; fileEncoding = 4; lastKnownFileType = sourcecode.c.h; path = "MMShaderViewController+Button.h"; sourceTree = "<group>"; };
		F24F18D11B8FC8AA003C5389 /* MMShaderViewController+Button.m */ = {isa = PBXFileReference; fileEncoding = 4; lastKnownFileType = sourcecode.c.objc; path = "MMShaderViewController+Button.m"; sourceTree = "<group>"; };
		F24F18D31B8FC8C2003C5389 /* MMShaderViewController+Labels.h */ = {isa = PBXFileReference; fileEncoding = 4; lastKnownFileType = sourcecode.c.h; path = "MMShaderViewController+Labels.h"; sourceTree = "<group>"; };
		F24F18D41B8FC8C2003C5389 /* MMShaderViewController+Labels.m */ = {isa = PBXFileReference; fileEncoding = 4; lastKnownFileType = sourcecode.c.objc; path = "MMShaderViewController+Labels.m"; sourceTree = "<group>"; };
		F24F18D61B8FCCCE003C5389 /* beetle.png */ = {isa = PBXFileReference; lastKnownFileType = image.png; name = beetle.png; path = ../../../../Resources/beetle.png; sourceTree = "<group>"; };
		F24F18D71B8FCCCE003C5389 /* leaves.gif */ = {isa = PBXFileReference; lastKnownFileType = image.gif; name = leaves.gif; path = ../../../../Resources/leaves.gif; sourceTree = "<group>"; };
		F24F18DA1B8FCCEB003C5389 /* AGLKVertexAttribArrayBuffer.h */ = {isa = PBXFileReference; fileEncoding = 4; lastKnownFileType = sourcecode.c.h; name = AGLKVertexAttribArrayBuffer.h; path = ../../../../AGLKit/AGLKVertexAttribArrayBuffer.h; sourceTree = "<group>"; };
		F24F18DB1B8FCCEB003C5389 /* AGLKVertexAttribArrayBuffer.m */ = {isa = PBXFileReference; fileEncoding = 4; lastKnownFileType = sourcecode.c.objc; name = AGLKVertexAttribArrayBuffer.m; path = ../../../../AGLKit/AGLKVertexAttribArrayBuffer.m; sourceTree = "<group>"; };
		F24F18DC1B8FCCEB003C5389 /* AGLKContext.h */ = {isa = PBXFileReference; fileEncoding = 4; lastKnownFileType = sourcecode.c.h; name = AGLKContext.h; path = ../../../../AGLKit/AGLKContext.h; sourceTree = "<group>"; };
		F24F18DD1B8FCCEB003C5389 /* AGLKContext.m */ = {isa = PBXFileReference; fileEncoding = 4; lastKnownFileType = sourcecode.c.objc; name = AGLKContext.m; path = ../../../../AGLKit/AGLKContext.m; sourceTree = "<group>"; };
		F24F18E31B8FECE8003C5389 /* KaleidoscopeStarburst.fsh */ = {isa = PBXFileReference; fileEncoding = 4; lastKnownFileType = sourcecode.glsl; name = KaleidoscopeStarburst.fsh; path = ../Shaders/KaleidoscopeStarburst.fsh; sourceTree = "<group>"; };
		F24F18E41B8FECE8003C5389 /* SimpleKaleidoscope.fsh */ = {isa = PBXFileReference; fileEncoding = 4; lastKnownFileType = sourcecode.glsl; name = SimpleKaleidoscope.fsh; path = ../Shaders/SimpleKaleidoscope.fsh; sourceTree = "<group>"; };
		F24F18E51B8FECE8003C5389 /* Tunnel.fsh */ = {isa = PBXFileReference; fileEncoding = 4; lastKnownFileType = sourcecode.glsl; name = Tunnel.fsh; path = ../Shaders/Tunnel.fsh; sourceTree = "<group>"; };
		F2575C101B2792EA00DE5571 /* MMModuleViewController.h */ = {isa = PBXFileReference; fileEncoding = 4; lastKnownFileType = sourcecode.c.h; path = MMModuleViewController.h; sourceTree = "<group>"; };
		F2575C111B2792EA00DE5571 /* MMModuleViewController.m */ = {isa = PBXFileReference; fileEncoding = 4; lastKnownFileType = sourcecode.c.objc; path = MMModuleViewController.m; sourceTree = "<group>"; };
		F2575C131B27930300DE5571 /* MMModuleCellView.h */ = {isa = PBXFileReference; fileEncoding = 4; lastKnownFileType = sourcecode.c.h; path = MMModuleCellView.h; sourceTree = "<group>"; };
		F2575C141B27930300DE5571 /* MMModuleCellView.m */ = {isa = PBXFileReference; fileEncoding = 4; lastKnownFileType = sourcecode.c.objc; path = MMModuleCellView.m; sourceTree = "<group>"; };
		F26A69BA1B4B802E002F0736 /* StoreKit.framework */ = {isa = PBXFileReference; lastKnownFileType = wrapper.framework; name = StoreKit.framework; path = System/Library/Frameworks/StoreKit.framework; sourceTree = SDKROOT; };
		F29179FE1B4CBD4B0048591D /* MMLongPressGestureRecognizer.h */ = {isa = PBXFileReference; fileEncoding = 4; lastKnownFileType = sourcecode.c.h; path = MMLongPressGestureRecognizer.h; sourceTree = "<group>"; };
		F29179FF1B4CBD4B0048591D /* MMLongPressGestureRecognizer.m */ = {isa = PBXFileReference; fileEncoding = 4; lastKnownFileType = sourcecode.c.objc; path = MMLongPressGestureRecognizer.m; sourceTree = "<group>"; };
		F2917A011B4CC67B0048591D /* MMTapGestureRecognizer.h */ = {isa = PBXFileReference; fileEncoding = 4; lastKnownFileType = sourcecode.c.h; path = MMTapGestureRecognizer.h; sourceTree = "<group>"; };
		F2917A021B4CC67B0048591D /* MMTapGestureRecognizer.m */ = {isa = PBXFileReference; fileEncoding = 4; lastKnownFileType = sourcecode.c.objc; path = MMTapGestureRecognizer.m; sourceTree = "<group>"; };
		F2917A061B4CCF6F0048591D /* MMRootViewController+GLK.h */ = {isa = PBXFileReference; fileEncoding = 4; lastKnownFileType = sourcecode.c.h; path = "MMRootViewController+GLK.h"; sourceTree = "<group>"; };
		F2917A071B4CCF6F0048591D /* MMRootViewController+GLK.m */ = {isa = PBXFileReference; fileEncoding = 4; lastKnownFileType = sourcecode.c.objc; path = "MMRootViewController+GLK.m"; sourceTree = "<group>"; };
		F292D3951B6040D80000D763 /* ModMusicaDefs.h */ = {isa = PBXFileReference; lastKnownFileType = sourcecode.c.h; path = ModMusicaDefs.h; sourceTree = "<group>"; };
		F298829D1A02BE50005F9B94 /* MMFileReader.h */ = {isa = PBXFileReference; fileEncoding = 4; lastKnownFileType = sourcecode.c.h; path = MMFileReader.h; sourceTree = "<group>"; };
		F298829E1A02BE50005F9B94 /* MMFileReader.m */ = {isa = PBXFileReference; fileEncoding = 4; lastKnownFileType = sourcecode.c.objc; path = MMFileReader.m; sourceTree = "<group>"; };
		F29882A41A02C854005F9B94 /* MMPatternLoader.h */ = {isa = PBXFileReference; fileEncoding = 4; lastKnownFileType = sourcecode.c.h; path = MMPatternLoader.h; sourceTree = "<group>"; };
		F29882A51A02C854005F9B94 /* MMPatternLoader.m */ = {isa = PBXFileReference; fileEncoding = 4; lastKnownFileType = sourcecode.c.objc; path = MMPatternLoader.m; sourceTree = "<group>"; };
		F2A4C2681B6058AB00AA6EC9 /* MMModuleManager+Packages.h */ = {isa = PBXFileReference; fileEncoding = 4; lastKnownFileType = sourcecode.c.h; path = "MMModuleManager+Packages.h"; sourceTree = "<group>"; };
		F2A4C2691B6058AB00AA6EC9 /* MMModuleManager+Packages.m */ = {isa = PBXFileReference; fileEncoding = 4; lastKnownFileType = sourcecode.c.objc; path = "MMModuleManager+Packages.m"; sourceTree = "<group>"; };
		F2A4C26E1B60612B00AA6EC9 /* MMPlaybackController+ResourceLoader.h */ = {isa = PBXFileReference; fileEncoding = 4; lastKnownFileType = sourcecode.c.h; path = "MMPlaybackController+ResourceLoader.h"; sourceTree = "<group>"; };
		F2A4C26F1B60612B00AA6EC9 /* MMPlaybackController+ResourceLoader.m */ = {isa = PBXFileReference; fileEncoding = 4; lastKnownFileType = sourcecode.c.objc; path = "MMPlaybackController+ResourceLoader.m"; sourceTree = "<group>"; };
		F2B2AB4B19FF1739003042D6 /* ModMusica.app */ = {isa = PBXFileReference; explicitFileType = wrapper.application; includeInIndex = 0; path = ModMusica.app; sourceTree = BUILT_PRODUCTS_DIR; };
		F2B2AB4F19FF1739003042D6 /* Info.plist */ = {isa = PBXFileReference; lastKnownFileType = text.plist.xml; path = Info.plist; sourceTree = "<group>"; };
		F2B2AB5019FF1739003042D6 /* main.m */ = {isa = PBXFileReference; lastKnownFileType = sourcecode.c.objc; path = main.m; sourceTree = "<group>"; };
		F2B2AB5219FF1739003042D6 /* AppDelegate.h */ = {isa = PBXFileReference; lastKnownFileType = sourcecode.c.h; path = AppDelegate.h; sourceTree = "<group>"; };
		F2B2AB5319FF1739003042D6 /* AppDelegate.m */ = {isa = PBXFileReference; lastKnownFileType = sourcecode.c.objc; path = AppDelegate.m; sourceTree = "<group>"; };
		F2B2AB5919FF1739003042D6 /* Base */ = {isa = PBXFileReference; lastKnownFileType = file.storyboard; name = Base; path = Base.lproj/Main.storyboard; sourceTree = "<group>"; };
		F2B2AB5B19FF1739003042D6 /* Images.xcassets */ = {isa = PBXFileReference; lastKnownFileType = folder.assetcatalog; path = Images.xcassets; sourceTree = "<group>"; };
		F2B2AB5E19FF1739003042D6 /* Base */ = {isa = PBXFileReference; lastKnownFileType = file.xib; name = Base; path = Base.lproj/LaunchScreen.xib; sourceTree = "<group>"; };
		F2B2AB6419FF1739003042D6 /* ModMusicaTests.xctest */ = {isa = PBXFileReference; explicitFileType = wrapper.cfbundle; includeInIndex = 0; path = ModMusicaTests.xctest; sourceTree = BUILT_PRODUCTS_DIR; };
		F2B2AB6919FF1739003042D6 /* Info.plist */ = {isa = PBXFileReference; lastKnownFileType = text.plist.xml; path = Info.plist; sourceTree = "<group>"; };
		F2B2AB6A19FF1739003042D6 /* ModMusicaTests.m */ = {isa = PBXFileReference; lastKnownFileType = sourcecode.c.objc; path = ModMusicaTests.m; sourceTree = "<group>"; };
		F2B2AD5819FF27BE003042D6 /* vexp_fun.c */ = {isa = PBXFileReference; fileEncoding = 4; lastKnownFileType = sourcecode.c.c; path = vexp_fun.c; sourceTree = "<group>"; };
		F2B2AD5919FF27BE003042D6 /* vexp_if.c */ = {isa = PBXFileReference; fileEncoding = 4; lastKnownFileType = sourcecode.c.c; path = vexp_if.c; sourceTree = "<group>"; };
		F2B2AD5A19FF27BE003042D6 /* vexp.c */ = {isa = PBXFileReference; fileEncoding = 4; lastKnownFileType = sourcecode.c.c; path = vexp.c; sourceTree = "<group>"; };
		F2B2AD5B19FF27BE003042D6 /* vexp.h */ = {isa = PBXFileReference; fileEncoding = 4; lastKnownFileType = sourcecode.c.h; path = vexp.h; sourceTree = "<group>"; };
		F2B2AFDD19FF281E003042D6 /* bonk~-help.pd */ = {isa = PBXFileReference; fileEncoding = 4; lastKnownFileType = text; name = "bonk~-help.pd"; path = "bonk~/bonk~-help.pd"; sourceTree = "<group>"; };
		F2B2AFDE19FF281E003042D6 /* bonk~.c */ = {isa = PBXFileReference; fileEncoding = 4; lastKnownFileType = sourcecode.c.c; name = "bonk~.c"; path = "bonk~/bonk~.c"; sourceTree = "<group>"; };
		F2B2B05219FF281E003042D6 /* fiddle~.c */ = {isa = PBXFileReference; fileEncoding = 4; lastKnownFileType = sourcecode.c.c; path = "fiddle~.c"; sourceTree = "<group>"; };
		F2B2B05419FF281E003042D6 /* fts_to_pd.h */ = {isa = PBXFileReference; fileEncoding = 4; lastKnownFileType = sourcecode.c.h; path = fts_to_pd.h; sourceTree = "<group>"; };
		F2B2B05D19FF281F003042D6 /* Helmholtz.cpp */ = {isa = PBXFileReference; fileEncoding = 4; lastKnownFileType = sourcecode.cpp.cpp; path = Helmholtz.cpp; sourceTree = "<group>"; };
		F2B2B05E19FF281F003042D6 /* Helmholtz.h */ = {isa = PBXFileReference; fileEncoding = 4; lastKnownFileType = sourcecode.c.h; path = Helmholtz.h; sourceTree = "<group>"; };
		F2B2B05F19FF281F003042D6 /* helmholtz~.cpp */ = {isa = PBXFileReference; fileEncoding = 4; lastKnownFileType = sourcecode.cpp.cpp; path = "helmholtz~.cpp"; sourceTree = "<group>"; };
		F2CC50F11B68699C004A451D /* packages */ = {isa = PBXFileReference; lastKnownFileType = folder; path = packages; sourceTree = "<group>"; };
		F2D06FA81B291A6100AA7708 /* HamburgerButton.h */ = {isa = PBXFileReference; fileEncoding = 4; lastKnownFileType = sourcecode.c.h; path = HamburgerButton.h; sourceTree = "<group>"; };
		F2D06FA91B291A6100AA7708 /* HamburgerButton.m */ = {isa = PBXFileReference; fileEncoding = 4; lastKnownFileType = sourcecode.c.objc; path = HamburgerButton.m; sourceTree = "<group>"; };
		F2D3DFA71B3A10A8000AA933 /* MMRootViewController.h */ = {isa = PBXFileReference; fileEncoding = 4; lastKnownFileType = sourcecode.c.h; path = MMRootViewController.h; sourceTree = "<group>"; };
		F2D3DFA81B3A10A8000AA933 /* MMRootViewController.m */ = {isa = PBXFileReference; fileEncoding = 4; lastKnownFileType = sourcecode.c.objc; path = MMRootViewController.m; sourceTree = "<group>"; };
		F2D3DFAD1B3A1859000AA933 /* MMRootViewController+Mods.h */ = {isa = PBXFileReference; fileEncoding = 4; lastKnownFileType = sourcecode.c.h; path = "MMRootViewController+Mods.h"; sourceTree = "<group>"; };
		F2D3DFAE1B3A1859000AA933 /* MMRootViewController+Mods.m */ = {isa = PBXFileReference; fileEncoding = 4; lastKnownFileType = sourcecode.c.objc; path = "MMRootViewController+Mods.m"; sourceTree = "<group>"; };
		F2D564321B2CCFE9008D9C76 /* MMModuleManager.h */ = {isa = PBXFileReference; fileEncoding = 4; lastKnownFileType = sourcecode.c.h; path = MMModuleManager.h; sourceTree = "<group>"; };
		F2D564331B2CCFE9008D9C76 /* MMModuleManager.m */ = {isa = PBXFileReference; fileEncoding = 4; lastKnownFileType = sourcecode.c.objc; path = MMModuleManager.m; sourceTree = "<group>"; };
		F2DE10691B3B588600A7CDD0 /* MyGLKFunctions.h */ = {isa = PBXFileReference; lastKnownFileType = sourcecode.c.h; path = MyGLKFunctions.h; sourceTree = "<group>"; };
		F2DE106A1B3B5F8700A7CDD0 /* MyGLKDefs.h */ = {isa = PBXFileReference; lastKnownFileType = sourcecode.c.h; path = MyGLKDefs.h; sourceTree = "<group>"; };
		F2DE9E981B222BC200FEBE5F /* MMPlaybackController.h */ = {isa = PBXFileReference; fileEncoding = 4; lastKnownFileType = sourcecode.c.h; path = MMPlaybackController.h; sourceTree = "<group>"; };
		F2DE9E991B222BC200FEBE5F /* MMPlaybackController.m */ = {isa = PBXFileReference; fileEncoding = 4; lastKnownFileType = sourcecode.c.objc; path = MMPlaybackController.m; sourceTree = "<group>"; };
		F2DE9E9E1B22328C00FEBE5F /* UIView+Layout.m */ = {isa = PBXFileReference; fileEncoding = 4; lastKnownFileType = sourcecode.c.objc; path = "UIView+Layout.m"; sourceTree = "<group>"; };
		F2DE9E9F1B22328C00FEBE5F /* UIView+Layout.h */ = {isa = PBXFileReference; fileEncoding = 4; lastKnownFileType = sourcecode.c.h; path = "UIView+Layout.h"; sourceTree = "<group>"; };
		F2DE9EA11B2235F700FEBE5F /* Icon@2x.png */ = {isa = PBXFileReference; lastKnownFileType = image.png; path = "Icon@2x.png"; sourceTree = "<group>"; };
		F2DE9EA61B22407600FEBE5F /* MMScopeDataSource.h */ = {isa = PBXFileReference; fileEncoding = 4; lastKnownFileType = sourcecode.c.h; path = MMScopeDataSource.h; sourceTree = "<group>"; };
		F2DE9EA71B22407600FEBE5F /* MMScopeDataSource.m */ = {isa = PBXFileReference; fileEncoding = 4; lastKnownFileType = sourcecode.c.objc; path = MMScopeDataSource.m; sourceTree = "<group>"; };
		F2DE9EB91B225A1C00FEBE5F /* CALayer+Image.h */ = {isa = PBXFileReference; fileEncoding = 4; lastKnownFileType = sourcecode.c.h; path = "CALayer+Image.h"; sourceTree = "<group>"; };
		F2DE9EBA1B225A1C00FEBE5F /* CALayer+Image.m */ = {isa = PBXFileReference; fileEncoding = 4; lastKnownFileType = sourcecode.c.objc; path = "CALayer+Image.m"; sourceTree = "<group>"; };
		F2DE9EBF1B22928100FEBE5F /* MMStepCounter.h */ = {isa = PBXFileReference; fileEncoding = 4; lastKnownFileType = sourcecode.c.h; path = MMStepCounter.h; sourceTree = "<group>"; };
		F2DE9EC01B22928100FEBE5F /* MMStepCounter.m */ = {isa = PBXFileReference; fileEncoding = 4; lastKnownFileType = sourcecode.c.objc; path = MMStepCounter.m; sourceTree = "<group>"; };
		F2F0FE921B34D27B00B00A21 /* MyGLKViewController+Labels.h */ = {isa = PBXFileReference; fileEncoding = 4; lastKnownFileType = sourcecode.c.h; path = "MyGLKViewController+Labels.h"; sourceTree = "<group>"; };
		F2F0FE931B34D27B00B00A21 /* MyGLKViewController+Labels.m */ = {isa = PBXFileReference; fileEncoding = 4; lastKnownFileType = sourcecode.c.objc; path = "MyGLKViewController+Labels.m"; sourceTree = "<group>"; };
		F2F676A91B2B900400CA79A9 /* MyGLKViewController.h */ = {isa = PBXFileReference; fileEncoding = 4; lastKnownFileType = sourcecode.c.h; path = MyGLKViewController.h; sourceTree = "<group>"; };
		F2F676AA1B2B900400CA79A9 /* MyGLKViewController.m */ = {isa = PBXFileReference; fileEncoding = 4; lastKnownFileType = sourcecode.c.objc; path = MyGLKViewController.m; sourceTree = "<group>"; };
		F2FC4FE51B3DEDD6000CE7EB /* MyGLKViewController+Button.h */ = {isa = PBXFileReference; fileEncoding = 4; lastKnownFileType = sourcecode.c.h; path = "MyGLKViewController+Button.h"; sourceTree = "<group>"; };
		F2FC4FE61B3DEDD6000CE7EB /* MyGLKViewController+Button.m */ = {isa = PBXFileReference; fileEncoding = 4; lastKnownFileType = sourcecode.c.objc; path = "MyGLKViewController+Button.m"; sourceTree = "<group>"; };
		F2FC4FF11B3E19CB000CE7EB /* MMModuleSwitchCellView.h */ = {isa = PBXFileReference; fileEncoding = 4; lastKnownFileType = sourcecode.c.h; path = MMModuleSwitchCellView.h; sourceTree = "<group>"; };
		F2FC4FF21B3E19CB000CE7EB /* MMModuleSwitchCellView.m */ = {isa = PBXFileReference; fileEncoding = 4; lastKnownFileType = sourcecode.c.objc; path = MMModuleSwitchCellView.m; sourceTree = "<group>"; };
		F2FC995E1B6EBEBD00ABC06E /* mm_textfile.c */ = {isa = PBXFileReference; fileEncoding = 4; lastKnownFileType = sourcecode.c.c; path = mm_textfile.c; sourceTree = "<group>"; };
/* End PBXFileReference section */

/* Begin PBXFrameworksBuildPhase section */
		F2B2AB4819FF1739003042D6 /* Frameworks */ = {
			isa = PBXFrameworksBuildPhase;
			buildActionMask = 2147483647;
			files = (
				F26A69BB1B4B802E002F0736 /* StoreKit.framework in Frameworks */,
				521F96ADB97CBCE51F347099 /* libPods-ModMusica.a in Frameworks */,
				F24A3E9E1A0058300074471B /* AudioToolbox.framework in Frameworks */,
				F246C7821B9E7326007154CF /* libz.dylib in Frameworks */,
			);
			runOnlyForDeploymentPostprocessing = 0;
		};
		F2B2AB6119FF1739003042D6 /* Frameworks */ = {
			isa = PBXFrameworksBuildPhase;
			buildActionMask = 2147483647;
			files = (
			);
			runOnlyForDeploymentPostprocessing = 0;
		};
/* End PBXFrameworksBuildPhase section */

/* Begin PBXGroup section */
		00192E61856B7D4542379B4E /* Pods */ = {
			isa = PBXGroup;
			children = (
				5C30F41CE71A6CAD48C558B2 /* Pods-ModMusica.debug.xcconfig */,
				79D374DB4130BD64E7F9080A /* Pods-ModMusica.release.xcconfig */,
			);
			name = Pods;
			sourceTree = "<group>";
		};
		A8D00E89E66249B2177C0FBF /* Frameworks */ = {
			isa = PBXGroup;
			children = (
				F246C7811B9E7326007154CF /* libz.dylib */,
				F26A69BA1B4B802E002F0736 /* StoreKit.framework */,
				F24A3E9D1A0058300074471B /* AudioToolbox.framework */,
				C766045950CFEDBA070D14FE /* libPods-ModMusica.a */,
			);
			name = Frameworks;
			sourceTree = "<group>";
		};
		F21CD4C91B4336BD00AAE260 /* GLKit */ = {
			isa = PBXGroup;
			children = (
				F2DE10691B3B588600A7CDD0 /* MyGLKFunctions.h */,
				F2F676A91B2B900400CA79A9 /* MyGLKViewController.h */,
				F2F676AA1B2B900400CA79A9 /* MyGLKViewController.m */,
				F2FC4FE51B3DEDD6000CE7EB /* MyGLKViewController+Button.h */,
				F2FC4FE61B3DEDD6000CE7EB /* MyGLKViewController+Button.m */,
				F2F0FE921B34D27B00B00A21 /* MyGLKViewController+Labels.h */,
				F2F0FE931B34D27B00B00A21 /* MyGLKViewController+Labels.m */,
				F2DE9E931B2229F400FEBE5F /* old */,
			);
			name = GLKit;
			sourceTree = "<group>";
		};
		F21CD4CA1B4336CD00AAE260 /* RootViewController */ = {
			isa = PBXGroup;
			children = (
				F2D3DFA71B3A10A8000AA933 /* MMRootViewController.h */,
				F2D3DFA81B3A10A8000AA933 /* MMRootViewController.m */,
				F2D3DFAD1B3A1859000AA933 /* MMRootViewController+Mods.h */,
				F2D3DFAE1B3A1859000AA933 /* MMRootViewController+Mods.m */,
				F2917A061B4CCF6F0048591D /* MMRootViewController+GLK.h */,
				F2917A071B4CCF6F0048591D /* MMRootViewController+GLK.m */,
				F29179FE1B4CBD4B0048591D /* MMLongPressGestureRecognizer.h */,
				F29179FF1B4CBD4B0048591D /* MMLongPressGestureRecognizer.m */,
				F2917A011B4CC67B0048591D /* MMTapGestureRecognizer.h */,
				F2917A021B4CC67B0048591D /* MMTapGestureRecognizer.m */,
				F218FF861B4DC1F1000CB182 /* MMPinchGestureRecognizer.h */,
				F218FF871B4DC1F1000CB182 /* MMPinchGestureRecognizer.m */,
			);
			name = RootViewController;
			sourceTree = "<group>";
		};
		F2426EE51B90FD550014C366 /* Images */ = {
			isa = PBXGroup;
			children = (
				F24F18B71B8FC836003C5389 /* Riverbed.jpg */,
				F24F18D61B8FCCCE003C5389 /* beetle.png */,
				F24F18D71B8FCCCE003C5389 /* leaves.gif */,
			);
			name = Images;
			sourceTree = "<group>";
		};
		F2426EE61B90FD720014C366 /* fsh */ = {
			isa = PBXGroup;
			children = (
				F24F18E31B8FECE8003C5389 /* KaleidoscopeStarburst.fsh */,
				F24F18E41B8FECE8003C5389 /* SimpleKaleidoscope.fsh */,
				F24F18E51B8FECE8003C5389 /* Tunnel.fsh */,
				F24F18AD1B8FC836003C5389 /* Bacteria.fsh */,
				F24F18B21B8FC836003C5389 /* Kaleidoscope.fsh */,
				F24F18B31B8FC836003C5389 /* Menger.fsh */,
				F24F18B41B8FC836003C5389 /* Moutains.fsh */,
				F24F18B61B8FC836003C5389 /* River.fsh */,
				F2426EF81B9127970014C366 /* Shader.fsh */,
			);
			name = fsh;
			sourceTree = "<group>";
		};
		F2426EE71B90FD800014C366 /* vsh */ = {
			isa = PBXGroup;
			children = (
				F24F18B81B8FC836003C5389 /* Shader.vsh */,
				F24F18B51B8FC836003C5389 /* PassThruVertexShader.vsh */,
			);
			name = vsh;
			sourceTree = "<group>";
		};
		F2426EE81B90FD8F0014C366 /* AGLK Utils */ = {
			isa = PBXGroup;
			children = (
				F24F18DA1B8FCCEB003C5389 /* AGLKVertexAttribArrayBuffer.h */,
				F24F18DB1B8FCCEB003C5389 /* AGLKVertexAttribArrayBuffer.m */,
				F24F18DC1B8FCCEB003C5389 /* AGLKContext.h */,
				F24F18DD1B8FCCEB003C5389 /* AGLKContext.m */,
			);
			name = "AGLK Utils";
			sourceTree = "<group>";
		};
		F2426EE91B90FDE70014C366 /* Template */ = {
			isa = PBXGroup;
			children = (
				F24F18B91B8FC836003C5389 /* ShaderToyTemplate.txt */,
			);
			name = Template;
			sourceTree = "<group>";
		};
		F2426EEA1B90FDF60014C366 /* MMShaderVC Categories */ = {
			isa = PBXGroup;
			children = (
				F24F18D01B8FC8AA003C5389 /* MMShaderViewController+Button.h */,
				F24F18D11B8FC8AA003C5389 /* MMShaderViewController+Button.m */,
				F24F18D31B8FC8C2003C5389 /* MMShaderViewController+Labels.h */,
				F24F18D41B8FC8C2003C5389 /* MMShaderViewController+Labels.m */,
			);
			name = "MMShaderVC Categories";
			sourceTree = "<group>";
		};
		F2426EF71B911C810014C366 /* GLKShaderViewController */ = {
			isa = PBXGroup;
			children = (
				F24F18B01B8FC836003C5389 /* GLKShaderViewController.h */,
				F24F18B11B8FC836003C5389 /* GLKShaderViewController.m */,
				F243BECA1B912BF400C5A737 /* GLKShaderViewController+IO.h */,
				F243BECB1B912BF400C5A737 /* GLKShaderViewController+IO.m */,
				F243BECC1B912BF400C5A737 /* GLKShaderViewController+Perspective.h */,
				F243BECD1B912BF400C5A737 /* GLKShaderViewController+Perspective.m */,
				F243BECE1B912BF400C5A737 /* GLKShaderViewController+Setup.h */,
				F243BECF1B912BF400C5A737 /* GLKShaderViewController+Setup.m */,
				F243BED01B912BF400C5A737 /* GLKShaderViewController+Shaders.h */,
				F243BED11B912BF400C5A737 /* GLKShaderViewController+Shaders.m */,
				F243BED21B912BF400C5A737 /* MMShaderViewController.h */,
				F243BED31B912BF400C5A737 /* MMShaderViewController.m */,
			);
			name = GLKShaderViewController;
			sourceTree = "<group>";
		};
		F246C7631B9E35C4007154CF /* Shaders */ = {
			isa = PBXGroup;
			children = (
				F2426EE31B90D0BD0014C366 /* Shaders.plist */,
				F246C7681B9E38CA007154CF /* RaveSpiral.fsh */,
				F246C7691B9E38CA007154CF /* RaveSpiral.vsh */,
				F246C7641B9E3631007154CF /* BasicFractal.fsh */,
				F246C7651B9E3631007154CF /* BasicFractal.vsh */,
				F246C7611B9E294C007154CF /* DancingLines.vsh */,
				F24F18AE1B8FC836003C5389 /* DancingLines.fsh */,
				F243BEC91B912BF400C5A737 /* FractalKaleidoscope.vsh */,
				F24F18AF1B8FC836003C5389 /* FractalKaleidoscope.fsh */,
			);
			name = Shaders;
			sourceTree = "<group>";
		};
		F246C76C1B9E711D007154CF /* ZipArchive */ = {
			isa = PBXGroup;
			children = (
				F246C76D1B9E711D007154CF /* Info.plist */,
				F246C76E1B9E711D007154CF /* minizip */,
				F246C7781B9E711D007154CF /* SNZipArchive.h */,
				F246C7791B9E711D007154CF /* SNZipArchive.m */,
				F246C77A1B9E711D007154CF /* ZipArchive.h */,
			);
			path = ZipArchive;
			sourceTree = "<group>";
		};
		F246C76E1B9E711D007154CF /* minizip */ = {
			isa = PBXGroup;
			children = (
				F246C76F1B9E711D007154CF /* crypt.h */,
				F246C7701B9E711D007154CF /* ioapi.c */,
				F246C7711B9E711D007154CF /* ioapi.h */,
				F246C7721B9E711D007154CF /* mztools.c */,
				F246C7731B9E711D007154CF /* mztools.h */,
				F246C7741B9E711D007154CF /* unzip.c */,
				F246C7751B9E711D007154CF /* unzip.h */,
				F246C7761B9E711D007154CF /* zip.c */,
				F246C7771B9E711D007154CF /* zip.h */,
			);
			path = minizip;
			sourceTree = "<group>";
		};
		F24F18AC1B8FC836003C5389 /* GLKShader */ = {
			isa = PBXGroup;
			children = (
				F246C7631B9E35C4007154CF /* Shaders */,
				F2426EE81B90FD8F0014C366 /* AGLK Utils */,
				F2426EE91B90FDE70014C366 /* Template */,
				F2426EE51B90FD550014C366 /* Images */,
				F2426EE71B90FD800014C366 /* vsh */,
				F2426EE61B90FD720014C366 /* fsh */,
				F2426EF71B911C810014C366 /* GLKShaderViewController */,
				F2426EEA1B90FDF60014C366 /* MMShaderVC Categories */,
			);
			name = GLKShader;
			path = ../../Downloads/ExamplesForXcode6.1/ch03_EXAMPLES/OpenGLES_Ch3_6/OpenGLES_Ch3_6/GLKShader;
			sourceTree = "<group>";
		};
		F283C8871B608A6E00E33305 /* Models */ = {
			isa = PBXGroup;
			children = (
				F2D564321B2CCFE9008D9C76 /* MMModuleManager.h */,
				F2D564331B2CCFE9008D9C76 /* MMModuleManager.m */,
				F2A4C2681B6058AB00AA6EC9 /* MMModuleManager+Packages.h */,
				F2A4C2691B6058AB00AA6EC9 /* MMModuleManager+Packages.m */,
				F218FF201B4DB5BD000CB182 /* MMPurchaseManager.h */,
				F218FF211B4DB5BD000CB182 /* MMPurchaseManager.m */,
				F298829D1A02BE50005F9B94 /* MMFileReader.h */,
				F298829E1A02BE50005F9B94 /* MMFileReader.m */,
				F29882A41A02C854005F9B94 /* MMPatternLoader.h */,
				F29882A51A02C854005F9B94 /* MMPatternLoader.m */,
				F2DE9EA61B22407600FEBE5F /* MMScopeDataSource.h */,
				F2DE9EA71B22407600FEBE5F /* MMScopeDataSource.m */,
				F2DE9EBF1B22928100FEBE5F /* MMStepCounter.h */,
				F2DE9EC01B22928100FEBE5F /* MMStepCounter.m */,
			);
			name = Models;
			sourceTree = "<group>";
		};
		F283C8881B608A7D00E33305 /* Views */ = {
			isa = PBXGroup;
			children = (
				F2D06FA81B291A6100AA7708 /* HamburgerButton.h */,
				F2D06FA91B291A6100AA7708 /* HamburgerButton.m */,
				F2575C131B27930300DE5571 /* MMModuleCellView.h */,
				F2575C141B27930300DE5571 /* MMModuleCellView.m */,
				F2FC4FF11B3E19CB000CE7EB /* MMModuleSwitchCellView.h */,
				F2FC4FF21B3E19CB000CE7EB /* MMModuleSwitchCellView.m */,
				F21CD4CB1B43390800AAE260 /* MMModuleEditCellView.h */,
				F21CD4CC1B43390800AAE260 /* MMModuleEditCellView.m */,
			);
			name = Views;
			sourceTree = "<group>";
		};
		F283C8891B608A8700E33305 /* Controllers */ = {
			isa = PBXGroup;
			children = (
				F2DE9E981B222BC200FEBE5F /* MMPlaybackController.h */,
				F2DE9E991B222BC200FEBE5F /* MMPlaybackController.m */,
				F2A4C26E1B60612B00AA6EC9 /* MMPlaybackController+ResourceLoader.h */,
				F2A4C26F1B60612B00AA6EC9 /* MMPlaybackController+ResourceLoader.m */,
				F2575C101B2792EA00DE5571 /* MMModuleViewController.h */,
				F2575C111B2792EA00DE5571 /* MMModuleViewController.m */,
			);
			name = Controllers;
			sourceTree = "<group>";
		};
		F2AD7F351A47EEA100840ABC /* ModMusica */ = {
			isa = PBXGroup;
			children = (
				F283C8871B608A6E00E33305 /* Models */,
				F283C8881B608A7D00E33305 /* Views */,
				F283C8891B608A8700E33305 /* Controllers */,
				F24F18AC1B8FC836003C5389 /* GLKShader */,
			);
			name = ModMusica;
			sourceTree = "<group>";
		};
		F2B2AB4219FF1739003042D6 = {
			isa = PBXGroup;
			children = (
				F2B2AB4D19FF1739003042D6 /* ModMusica */,
				F2B2AB6719FF1739003042D6 /* ModMusicaTests */,
				F2B2AB4C19FF1739003042D6 /* Products */,
				A8D00E89E66249B2177C0FBF /* Frameworks */,
				00192E61856B7D4542379B4E /* Pods */,
			);
			sourceTree = "<group>";
		};
		F2B2AB4C19FF1739003042D6 /* Products */ = {
			isa = PBXGroup;
			children = (
				F2B2AB4B19FF1739003042D6 /* ModMusica.app */,
				F2B2AB6419FF1739003042D6 /* ModMusicaTests.xctest */,
			);
			name = Products;
			sourceTree = "<group>";
		};
		F2B2AB4D19FF1739003042D6 /* ModMusica */ = {
			isa = PBXGroup;
			children = (
				F246C76C1B9E711D007154CF /* ZipArchive */,
				F24A3E9C1A0058300074471B /* ModMusica.entitlements */,
				F2B2AB7D19FF273F003042D6 /* Pd */,
				F2DE9E941B222A0E00FEBE5F /* Class Categories */,
				F2AD7F351A47EEA100840ABC /* ModMusica */,
				F21CD4CA1B4336CD00AAE260 /* RootViewController */,
				F21CD4C91B4336BD00AAE260 /* GLKit */,
				F2B2AB5819FF1739003042D6 /* Main.storyboard */,
				F2B2AB5219FF1739003042D6 /* AppDelegate.h */,
				F2B2AB5319FF1739003042D6 /* AppDelegate.m */,
				F292D3951B6040D80000D763 /* ModMusicaDefs.h */,
				F2DE106A1B3B5F8700A7CDD0 /* MyGLKDefs.h */,
				F2B2AB5D19FF1739003042D6 /* LaunchScreen.xib */,
				F2B2AB5B19FF1739003042D6 /* Images.xcassets */,
				F2B2AB4E19FF1739003042D6 /* Supporting Files */,
			);
			path = ModMusica;
			sourceTree = "<group>";
		};
		F2B2AB4E19FF1739003042D6 /* Supporting Files */ = {
			isa = PBXGroup;
			children = (
				F2CC50F11B68699C004A451D /* packages */,
				F2DE9EA11B2235F700FEBE5F /* Icon@2x.png */,
				F2B2AB4F19FF1739003042D6 /* Info.plist */,
				F2B2AB5019FF1739003042D6 /* main.m */,
			);
			name = "Supporting Files";
			sourceTree = "<group>";
		};
		F2B2AB6719FF1739003042D6 /* ModMusicaTests */ = {
			isa = PBXGroup;
			children = (
				F2B2AB6A19FF1739003042D6 /* ModMusicaTests.m */,
				F2B2AB6819FF1739003042D6 /* Supporting Files */,
			);
			path = ModMusicaTests;
			sourceTree = "<group>";
		};
		F2B2AB6819FF1739003042D6 /* Supporting Files */ = {
			isa = PBXGroup;
			children = (
				F2B2AB6919FF1739003042D6 /* Info.plist */,
			);
			name = "Supporting Files";
			sourceTree = "<group>";
		};
		F2B2AB7D19FF273F003042D6 /* Pd */ = {
			isa = PBXGroup;
			children = (
				F246EF141A01A86400357005 /* modmusica_1.pd */,
				F2B2B1B519FF450C003042D6 /* externals */,
			);
			name = Pd;
			path = ModMusica;
			sourceTree = SOURCE_ROOT;
		};
		F2B2B1B519FF450C003042D6 /* externals */ = {
			isa = PBXGroup;
			children = (
				F2FC995E1B6EBEBD00ABC06E /* mm_textfile.c */,
				F2B2B05219FF281E003042D6 /* fiddle~.c */,
				F2B2AD5819FF27BE003042D6 /* vexp_fun.c */,
				F2B2AD5919FF27BE003042D6 /* vexp_if.c */,
				F2B2AD5A19FF27BE003042D6 /* vexp.c */,
				F2B2AD5B19FF27BE003042D6 /* vexp.h */,
				F2B2B05419FF281E003042D6 /* fts_to_pd.h */,
				F2B2B05D19FF281F003042D6 /* Helmholtz.cpp */,
				F2B2B05E19FF281F003042D6 /* Helmholtz.h */,
				F2B2B05F19FF281F003042D6 /* helmholtz~.cpp */,
				F2B2AFDE19FF281E003042D6 /* bonk~.c */,
				F2B2AFDD19FF281E003042D6 /* bonk~-help.pd */,
			);
			name = externals;
			sourceTree = "<group>";
		};
		F2DE9E931B2229F400FEBE5F /* old */ = {
			isa = PBXGroup;
			children = (
				F235E6721A33DD0100F67F8E /* BSDKaleidoscopeFilter.h */,
				F235E6711A33DD0100F67F8E /* BSDKaleidoscopeFilter.m */,
			);
			name = old;
			sourceTree = "<group>";
		};
		F2DE9E941B222A0E00FEBE5F /* Class Categories */ = {
			isa = PBXGroup;
			children = (
				F218FF1A1B4DA48D000CB182 /* NSUserDefaults+Mods.h */,
				F218FF1B1B4DA48D000CB182 /* NSUserDefaults+Mods.m */,
				F2DE9E9F1B22328C00FEBE5F /* UIView+Layout.h */,
				F2DE9E9E1B22328C00FEBE5F /* UIView+Layout.m */,
				F218FF8C1B4EE7CC000CB182 /* UIColor+HBVHarmonies.h */,
				F218FF8D1B4EE7CC000CB182 /* UIColor+HBVHarmonies.m */,
				F2DE9EB91B225A1C00FEBE5F /* CALayer+Image.h */,
				F2DE9EBA1B225A1C00FEBE5F /* CALayer+Image.m */,
			);
			name = "Class Categories";
			sourceTree = "<group>";
		};
/* End PBXGroup section */

/* Begin PBXNativeTarget section */
		F2B2AB4A19FF1739003042D6 /* ModMusica */ = {
			isa = PBXNativeTarget;
			buildConfigurationList = F2B2AB6E19FF1739003042D6 /* Build configuration list for PBXNativeTarget "ModMusica" */;
			buildPhases = (
				4CE77306819D3AFDEEC06777 /* Check Pods Manifest.lock */,
				F2B2AB4719FF1739003042D6 /* Sources */,
				F2B2AB4819FF1739003042D6 /* Frameworks */,
				F2B2AB4919FF1739003042D6 /* Resources */,
				927E99F84826E6E9E57713EC /* Copy Pods Resources */,
			);
			buildRules = (
			);
			dependencies = (
			);
			name = ModMusica;
			productName = ModMusica;
			productReference = F2B2AB4B19FF1739003042D6 /* ModMusica.app */;
			productType = "com.apple.product-type.application";
		};
		F2B2AB6319FF1739003042D6 /* ModMusicaTests */ = {
			isa = PBXNativeTarget;
			buildConfigurationList = F2B2AB7119FF1739003042D6 /* Build configuration list for PBXNativeTarget "ModMusicaTests" */;
			buildPhases = (
				F2B2AB6019FF1739003042D6 /* Sources */,
				F2B2AB6119FF1739003042D6 /* Frameworks */,
				F2B2AB6219FF1739003042D6 /* Resources */,
			);
			buildRules = (
			);
			dependencies = (
				F2B2AB6619FF1739003042D6 /* PBXTargetDependency */,
			);
			name = ModMusicaTests;
			productName = ModMusicaTests;
			productReference = F2B2AB6419FF1739003042D6 /* ModMusicaTests.xctest */;
			productType = "com.apple.product-type.bundle.unit-test";
		};
/* End PBXNativeTarget section */

/* Begin PBXProject section */
		F2B2AB4319FF1739003042D6 /* Project object */ = {
			isa = PBXProject;
			attributes = {
				LastUpgradeCheck = 0640;
				ORGANIZATIONNAME = birdSound;
				TargetAttributes = {
					F2B2AB4A19FF1739003042D6 = {
						CreatedOnToolsVersion = 6.1;
						DevelopmentTeam = MB536HH275;
						SystemCapabilities = {
							com.apple.InAppPurchase = {
								enabled = 1;
							};
							com.apple.InterAppAudio = {
								enabled = 1;
							};
						};
					};
					F2B2AB6319FF1739003042D6 = {
						CreatedOnToolsVersion = 6.1;
						TestTargetID = F2B2AB4A19FF1739003042D6;
					};
				};
			};
			buildConfigurationList = F2B2AB4619FF1739003042D6 /* Build configuration list for PBXProject "ModMusica" */;
			compatibilityVersion = "Xcode 3.2";
			developmentRegion = English;
			hasScannedForEncodings = 0;
			knownRegions = (
				en,
				Base,
			);
			mainGroup = F2B2AB4219FF1739003042D6;
			productRefGroup = F2B2AB4C19FF1739003042D6 /* Products */;
			projectDirPath = "";
			projectRoot = "";
			targets = (
				F2B2AB4A19FF1739003042D6 /* ModMusica */,
				F2B2AB6319FF1739003042D6 /* ModMusicaTests */,
			);
		};
/* End PBXProject section */

/* Begin PBXResourcesBuildPhase section */
		F2B2AB4919FF1739003042D6 /* Resources */ = {
			isa = PBXResourcesBuildPhase;
			buildActionMask = 2147483647;
			files = (
				F2DE9EA21B2235F700FEBE5F /* Icon@2x.png in Resources */,
				F246EF151A01A86400357005 /* modmusica_1.pd in Resources */,
				F2B2AB5A19FF1739003042D6 /* Main.storyboard in Resources */,
				F2426EE41B90D0BD0014C366 /* Shaders.plist in Resources */,
				F2B2AB5F19FF1739003042D6 /* LaunchScreen.xib in Resources */,
				F24F18BF1B8FC836003C5389 /* DancingLines.fsh in Resources */,
				F2426EF91B9127970014C366 /* Shader.fsh in Resources */,
				F24F18E81B8FECE8003C5389 /* Tunnel.fsh in Resources */,
				F24F18C81B8FC836003C5389 /* Shader.vsh in Resources */,
				F246C7621B9E294C007154CF /* DancingLines.vsh in Resources */,
				F24F18C61B8FC836003C5389 /* River.fsh in Resources */,
				F2B2AB5C19FF1739003042D6 /* Images.xcassets in Resources */,
				F24F18C91B8FC836003C5389 /* ShaderToyTemplate.txt in Resources */,
				F246C7671B9E3631007154CF /* BasicFractal.vsh in Resources */,
				F24F18C01B8FC836003C5389 /* FractalKaleidoscope.fsh in Resources */,
				F246C7661B9E3631007154CF /* BasicFractal.fsh in Resources */,
				F246C77B1B9E711D007154CF /* Info.plist in Resources */,
				F246C76A1B9E38CA007154CF /* RaveSpiral.fsh in Resources */,
				F2B2B0F219FF281F003042D6 /* bonk~-help.pd in Resources */,
				F24F18BE1B8FC836003C5389 /* Bacteria.fsh in Resources */,
				F24F18C21B8FC836003C5389 /* Kaleidoscope.fsh in Resources */,
				F243BED41B912BF400C5A737 /* FractalKaleidoscope.vsh in Resources */,
				F24F18C51B8FC836003C5389 /* PassThruVertexShader.vsh in Resources */,
				F2CC50F21B68699C004A451D /* packages in Resources */,
				F24F18D81B8FCCCE003C5389 /* beetle.png in Resources */,
				F24F18E61B8FECE8003C5389 /* KaleidoscopeStarburst.fsh in Resources */,
				F24F18E71B8FECE8003C5389 /* SimpleKaleidoscope.fsh in Resources */,
				F24F18C41B8FC836003C5389 /* Moutains.fsh in Resources */,
				F24F18D91B8FCCCE003C5389 /* leaves.gif in Resources */,
				F24F18C71B8FC836003C5389 /* Riverbed.jpg in Resources */,
				F246C76B1B9E38CA007154CF /* RaveSpiral.vsh in Resources */,
				F24F18C31B8FC836003C5389 /* Menger.fsh in Resources */,
			);
			runOnlyForDeploymentPostprocessing = 0;
		};
		F2B2AB6219FF1739003042D6 /* Resources */ = {
			isa = PBXResourcesBuildPhase;
			buildActionMask = 2147483647;
			files = (
			);
			runOnlyForDeploymentPostprocessing = 0;
		};
/* End PBXResourcesBuildPhase section */

/* Begin PBXShellScriptBuildPhase section */
		4CE77306819D3AFDEEC06777 /* Check Pods Manifest.lock */ = {
			isa = PBXShellScriptBuildPhase;
			buildActionMask = 2147483647;
			files = (
			);
			inputPaths = (
			);
			name = "Check Pods Manifest.lock";
			outputPaths = (
			);
			runOnlyForDeploymentPostprocessing = 0;
			shellPath = /bin/sh;
			shellScript = "diff \"${PODS_ROOT}/../Podfile.lock\" \"${PODS_ROOT}/Manifest.lock\" > /dev/null\nif [[ $? != 0 ]] ; then\n    cat << EOM\nerror: The sandbox is not in sync with the Podfile.lock. Run 'pod install' or update your CocoaPods installation.\nEOM\n    exit 1\nfi\n";
			showEnvVarsInLog = 0;
		};
		927E99F84826E6E9E57713EC /* Copy Pods Resources */ = {
			isa = PBXShellScriptBuildPhase;
			buildActionMask = 2147483647;
			files = (
			);
			inputPaths = (
			);
			name = "Copy Pods Resources";
			outputPaths = (
			);
			runOnlyForDeploymentPostprocessing = 0;
			shellPath = /bin/sh;
			shellScript = "\"${SRCROOT}/Pods/Target Support Files/Pods-ModMusica/Pods-ModMusica-resources.sh\"\n";
			showEnvVarsInLog = 0;
		};
/* End PBXShellScriptBuildPhase section */

/* Begin PBXSourcesBuildPhase section */
		F2B2AB4719FF1739003042D6 /* Sources */ = {
			isa = PBXSourcesBuildPhase;
			buildActionMask = 2147483647;
			files = (
				F2DE9EC11B22928100FEBE5F /* MMStepCounter.m in Sources */,
				F218FF1C1B4DA48D000CB182 /* NSUserDefaults+Mods.m in Sources */,
				F2FC995F1B6EBEBD00ABC06E /* mm_textfile.c in Sources */,
				F2B2AF4519FF27BE003042D6 /* vexp.c in Sources */,
				F2575C151B27930300DE5571 /* MMModuleCellView.m in Sources */,
				F2FC4FF31B3E19CB000CE7EB /* MMModuleSwitchCellView.m in Sources */,
				F2DE9EBB1B225A1C00FEBE5F /* CALayer+Image.m in Sources */,
				F218FF8E1B4EE7CC000CB182 /* UIColor+HBVHarmonies.m in Sources */,
				F218FF221B4DB5BD000CB182 /* MMPurchaseManager.m in Sources */,
				F29882A61A02C854005F9B94 /* MMPatternLoader.m in Sources */,
				F21CD4CD1B43390800AAE260 /* MMModuleEditCellView.m in Sources */,
				F243BED61B912BF400C5A737 /* GLKShaderViewController+Perspective.m in Sources */,
				F218FF881B4DC1F1000CB182 /* MMPinchGestureRecognizer.m in Sources */,
				F24F18DE1B8FCCEB003C5389 /* AGLKVertexAttribArrayBuffer.m in Sources */,
				F2DE9EA01B22328C00FEBE5F /* UIView+Layout.m in Sources */,
				F298829F1A02BE50005F9B94 /* MMFileReader.m in Sources */,
				F24F18D21B8FC8AA003C5389 /* MMShaderViewController+Button.m in Sources */,
				F2B2B17019FF281F003042D6 /* Helmholtz.cpp in Sources */,
				F243BED71B912BF400C5A737 /* GLKShaderViewController+Setup.m in Sources */,
				F2B2B0F319FF281F003042D6 /* bonk~.c in Sources */,
				F2B2AB5419FF1739003042D6 /* AppDelegate.m in Sources */,
				F2D564341B2CCFE9008D9C76 /* MMModuleManager.m in Sources */,
				F2917A031B4CC67B0048591D /* MMTapGestureRecognizer.m in Sources */,
				F24F18D51B8FC8C2003C5389 /* MMShaderViewController+Labels.m in Sources */,
				F2A4C26A1B6058AB00AA6EC9 /* MMModuleManager+Packages.m in Sources */,
				F2D06FAA1B291A6100AA7708 /* HamburgerButton.m in Sources */,
				F2A4C2701B60612B00AA6EC9 /* MMPlaybackController+ResourceLoader.m in Sources */,
				F246C77C1B9E711D007154CF /* ioapi.c in Sources */,
				F2575C121B2792EA00DE5571 /* MMModuleViewController.m in Sources */,
				F2D3DFAF1B3A1859000AA933 /* MMRootViewController+Mods.m in Sources */,
				F2FC4FE71B3DEDD6000CE7EB /* MyGLKViewController+Button.m in Sources */,
				F246C7801B9E711D007154CF /* SNZipArchive.m in Sources */,
				F2B2B16619FF281F003042D6 /* fiddle~.c in Sources */,
				F2F676AB1B2B900400CA79A9 /* MyGLKViewController.m in Sources */,
				F2DE9EA81B22407600FEBE5F /* MMScopeDataSource.m in Sources */,
				F246C77D1B9E711D007154CF /* mztools.c in Sources */,
				F2F0FE941B34D27B00B00A21 /* MyGLKViewController+Labels.m in Sources */,
				F2D3DFA91B3A10A8000AA933 /* MMRootViewController.m in Sources */,
				F243BED91B912BF400C5A737 /* MMShaderViewController.m in Sources */,
				F2B2AF4419FF27BE003042D6 /* vexp_if.c in Sources */,
				F2917A001B4CBD4B0048591D /* MMLongPressGestureRecognizer.m in Sources */,
				F24F18C11B8FC836003C5389 /* GLKShaderViewController.m in Sources */,
				F2917A081B4CCF6F0048591D /* MMRootViewController+GLK.m in Sources */,
				F2B2AB5119FF1739003042D6 /* main.m in Sources */,
				F243BED51B912BF400C5A737 /* GLKShaderViewController+IO.m in Sources */,
				F235E6741A33DD0100F67F8E /* BSDKaleidoscopeFilter.m in Sources */,
				F246C77E1B9E711D007154CF /* unzip.c in Sources */,
				F24F18DF1B8FCCEB003C5389 /* AGLKContext.m in Sources */,
				F2B2AF4319FF27BE003042D6 /* vexp_fun.c in Sources */,
				F2DE9E9A1B222BC200FEBE5F /* MMPlaybackController.m in Sources */,
				F246C77F1B9E711D007154CF /* zip.c in Sources */,
				F243BED81B912BF400C5A737 /* GLKShaderViewController+Shaders.m in Sources */,
				F2B2B17119FF281F003042D6 /* helmholtz~.cpp in Sources */,
			);
			runOnlyForDeploymentPostprocessing = 0;
		};
		F2B2AB6019FF1739003042D6 /* Sources */ = {
			isa = PBXSourcesBuildPhase;
			buildActionMask = 2147483647;
			files = (
				F2B2AB6B19FF1739003042D6 /* ModMusicaTests.m in Sources */,
			);
			runOnlyForDeploymentPostprocessing = 0;
		};
/* End PBXSourcesBuildPhase section */

/* Begin PBXTargetDependency section */
		F2B2AB6619FF1739003042D6 /* PBXTargetDependency */ = {
			isa = PBXTargetDependency;
			target = F2B2AB4A19FF1739003042D6 /* ModMusica */;
			targetProxy = F2B2AB6519FF1739003042D6 /* PBXContainerItemProxy */;
		};
/* End PBXTargetDependency section */

/* Begin PBXVariantGroup section */
		F2B2AB5819FF1739003042D6 /* Main.storyboard */ = {
			isa = PBXVariantGroup;
			children = (
				F2B2AB5919FF1739003042D6 /* Base */,
			);
			name = Main.storyboard;
			sourceTree = "<group>";
		};
		F2B2AB5D19FF1739003042D6 /* LaunchScreen.xib */ = {
			isa = PBXVariantGroup;
			children = (
				F2B2AB5E19FF1739003042D6 /* Base */,
			);
			name = LaunchScreen.xib;
			sourceTree = "<group>";
		};
/* End PBXVariantGroup section */

/* Begin XCBuildConfiguration section */
		F24F18E01B8FD350003C5389 /* Adhoc */ = {
			isa = XCBuildConfiguration;
			buildSettings = {
				ALWAYS_SEARCH_USER_PATHS = NO;
				CLANG_CXX_LANGUAGE_STANDARD = "gnu++0x";
				CLANG_CXX_LIBRARY = "libc++";
				CLANG_ENABLE_MODULES = YES;
				CLANG_ENABLE_OBJC_ARC = YES;
				CLANG_WARN_BOOL_CONVERSION = YES;
				CLANG_WARN_CONSTANT_CONVERSION = YES;
				CLANG_WARN_DIRECT_OBJC_ISA_USAGE = YES_ERROR;
				CLANG_WARN_EMPTY_BODY = YES;
				CLANG_WARN_ENUM_CONVERSION = YES;
				CLANG_WARN_INT_CONVERSION = YES;
				CLANG_WARN_OBJC_ROOT_CLASS = YES_ERROR;
				CLANG_WARN_UNREACHABLE_CODE = YES;
				CLANG_WARN__DUPLICATE_METHOD_MATCH = YES;
				"CODE_SIGN_IDENTITY[sdk=iphoneos*]" = "iPhone Developer";
				COPY_PHASE_STRIP = YES;
				ENABLE_NS_ASSERTIONS = NO;
				ENABLE_STRICT_OBJC_MSGSEND = YES;
				GCC_C_LANGUAGE_STANDARD = gnu99;
				GCC_WARN_64_TO_32_BIT_CONVERSION = YES;
				GCC_WARN_ABOUT_RETURN_TYPE = YES_ERROR;
				GCC_WARN_UNDECLARED_SELECTOR = YES;
				GCC_WARN_UNINITIALIZED_AUTOS = YES_AGGRESSIVE;
				GCC_WARN_UNUSED_FUNCTION = YES;
				GCC_WARN_UNUSED_VARIABLE = YES;
				IPHONEOS_DEPLOYMENT_TARGET = 8.1;
				MTL_ENABLE_DEBUG_INFO = NO;
				SDKROOT = iphoneos;
				TARGETED_DEVICE_FAMILY = "1,2";
				VALIDATE_PRODUCT = YES;
			};
			name = Adhoc;
		};
		F24F18E11B8FD350003C5389 /* Adhoc */ = {
			isa = XCBuildConfiguration;
			baseConfigurationReference = 79D374DB4130BD64E7F9080A /* Pods-ModMusica.release.xcconfig */;
			buildSettings = {
				ASSETCATALOG_COMPILER_APPICON_NAME = AppIcon;
				CODE_SIGN_ENTITLEMENTS = ModMusica/ModMusica.entitlements;
				CODE_SIGN_IDENTITY = "iPhone Developer";
				"CODE_SIGN_IDENTITY[sdk=iphoneos*]" = "iPhone Distribution";
				INFOPLIST_FILE = ModMusica/Info.plist;
				LD_RUNPATH_SEARCH_PATHS = "$(inherited) @executable_path/Frameworks";
				LIBRARY_SEARCH_PATHS = (
					"$(inherited)",
					"$(PROJECT_DIR)",
					/Users/travishenspeter/Desktop,
					"$(PROJECT_DIR)/ModMusica",
				);
				OTHER_CFLAGS = (
					"$(inherited)",
					"-isystem",
					"\"${PODS_ROOT}/Headers/Public\"",
					"-isystem",
					"\"${PODS_ROOT}/Headers/Public/libpd\"",
					"-DHAVE_LIBDL",
					"-DUSEAPI_DUMMY",
					"-DPD",
					"-DHAVE_UNISTD_H",
				);
				PRODUCT_NAME = ModMusica;
				PROVISIONING_PROFILE = "";
				TARGETED_DEVICE_FAMILY = "1,2";
				USER_HEADER_SEARCH_PATHS = "$(SRCROOT)/../../BlackBox.framework/**";
			};
			name = Adhoc;
		};
		F24F18E21B8FD350003C5389 /* Adhoc */ = {
			isa = XCBuildConfiguration;
			buildSettings = {
				BUNDLE_LOADER = "$(TEST_HOST)";
				FRAMEWORK_SEARCH_PATHS = (
					"$(SDKROOT)/Developer/Library/Frameworks",
					"$(inherited)",
				);
				INFOPLIST_FILE = ModMusicaTests/Info.plist;
				LD_RUNPATH_SEARCH_PATHS = "$(inherited) @executable_path/Frameworks @loader_path/Frameworks";
				PRODUCT_NAME = "$(TARGET_NAME)";
				TEST_HOST = "$(BUILT_PRODUCTS_DIR)/ModMusica.app/ModMusica";
			};
			name = Adhoc;
		};
		F2B2AB6C19FF1739003042D6 /* Debug */ = {
			isa = XCBuildConfiguration;
			buildSettings = {
				ALWAYS_SEARCH_USER_PATHS = NO;
				CLANG_CXX_LANGUAGE_STANDARD = "gnu++0x";
				CLANG_CXX_LIBRARY = "libc++";
				CLANG_ENABLE_MODULES = YES;
				CLANG_ENABLE_OBJC_ARC = YES;
				CLANG_WARN_BOOL_CONVERSION = YES;
				CLANG_WARN_CONSTANT_CONVERSION = YES;
				CLANG_WARN_DIRECT_OBJC_ISA_USAGE = YES_ERROR;
				CLANG_WARN_EMPTY_BODY = YES;
				CLANG_WARN_ENUM_CONVERSION = YES;
				CLANG_WARN_INT_CONVERSION = YES;
				CLANG_WARN_OBJC_ROOT_CLASS = YES_ERROR;
				CLANG_WARN_UNREACHABLE_CODE = YES;
				CLANG_WARN__DUPLICATE_METHOD_MATCH = YES;
				"CODE_SIGN_IDENTITY[sdk=iphoneos*]" = "iPhone Developer";
				COPY_PHASE_STRIP = NO;
				ENABLE_STRICT_OBJC_MSGSEND = YES;
				GCC_C_LANGUAGE_STANDARD = gnu99;
				GCC_DYNAMIC_NO_PIC = NO;
				GCC_OPTIMIZATION_LEVEL = 0;
				GCC_PREPROCESSOR_DEFINITIONS = (
					"DEBUG=1",
					"$(inherited)",
				);
				GCC_SYMBOLS_PRIVATE_EXTERN = NO;
				GCC_WARN_64_TO_32_BIT_CONVERSION = YES;
				GCC_WARN_ABOUT_RETURN_TYPE = YES_ERROR;
				GCC_WARN_UNDECLARED_SELECTOR = YES;
				GCC_WARN_UNINITIALIZED_AUTOS = YES_AGGRESSIVE;
				GCC_WARN_UNUSED_FUNCTION = YES;
				GCC_WARN_UNUSED_VARIABLE = YES;
				IPHONEOS_DEPLOYMENT_TARGET = 8.1;
				MTL_ENABLE_DEBUG_INFO = YES;
				ONLY_ACTIVE_ARCH = YES;
				SDKROOT = iphoneos;
				TARGETED_DEVICE_FAMILY = "1,2";
			};
			name = Debug;
		};
		F2B2AB6D19FF1739003042D6 /* Release */ = {
			isa = XCBuildConfiguration;
			buildSettings = {
				ALWAYS_SEARCH_USER_PATHS = NO;
				CLANG_CXX_LANGUAGE_STANDARD = "gnu++0x";
				CLANG_CXX_LIBRARY = "libc++";
				CLANG_ENABLE_MODULES = YES;
				CLANG_ENABLE_OBJC_ARC = YES;
				CLANG_WARN_BOOL_CONVERSION = YES;
				CLANG_WARN_CONSTANT_CONVERSION = YES;
				CLANG_WARN_DIRECT_OBJC_ISA_USAGE = YES_ERROR;
				CLANG_WARN_EMPTY_BODY = YES;
				CLANG_WARN_ENUM_CONVERSION = YES;
				CLANG_WARN_INT_CONVERSION = YES;
				CLANG_WARN_OBJC_ROOT_CLASS = YES_ERROR;
				CLANG_WARN_UNREACHABLE_CODE = YES;
				CLANG_WARN__DUPLICATE_METHOD_MATCH = YES;
				"CODE_SIGN_IDENTITY[sdk=iphoneos*]" = "iPhone Developer";
				COPY_PHASE_STRIP = YES;
				ENABLE_NS_ASSERTIONS = NO;
				ENABLE_STRICT_OBJC_MSGSEND = YES;
				GCC_C_LANGUAGE_STANDARD = gnu99;
				GCC_WARN_64_TO_32_BIT_CONVERSION = YES;
				GCC_WARN_ABOUT_RETURN_TYPE = YES_ERROR;
				GCC_WARN_UNDECLARED_SELECTOR = YES;
				GCC_WARN_UNINITIALIZED_AUTOS = YES_AGGRESSIVE;
				GCC_WARN_UNUSED_FUNCTION = YES;
				GCC_WARN_UNUSED_VARIABLE = YES;
				IPHONEOS_DEPLOYMENT_TARGET = 8.1;
				MTL_ENABLE_DEBUG_INFO = NO;
				SDKROOT = iphoneos;
				TARGETED_DEVICE_FAMILY = "1,2";
				VALIDATE_PRODUCT = YES;
			};
			name = Release;
		};
		F2B2AB6F19FF1739003042D6 /* Debug */ = {
			isa = XCBuildConfiguration;
			baseConfigurationReference = 5C30F41CE71A6CAD48C558B2 /* Pods-ModMusica.debug.xcconfig */;
			buildSettings = {
				ASSETCATALOG_COMPILER_APPICON_NAME = AppIcon;
				CODE_SIGN_ENTITLEMENTS = ModMusica/ModMusica.entitlements;
				CODE_SIGN_IDENTITY = "iPhone Developer";
				"CODE_SIGN_IDENTITY[sdk=iphoneos*]" = "iPhone Developer";
				INFOPLIST_FILE = ModMusica/Info.plist;
				LD_RUNPATH_SEARCH_PATHS = "$(inherited) @executable_path/Frameworks";
				LIBRARY_SEARCH_PATHS = (
					"$(inherited)",
					"$(PROJECT_DIR)",
					/Users/travishenspeter/Desktop,
					"$(PROJECT_DIR)/ModMusica",
				);
				OTHER_CFLAGS = (
					"$(inherited)",
					"-isystem",
					"\"${PODS_ROOT}/Headers/Public\"",
					"-isystem",
					"\"${PODS_ROOT}/Headers/Public/libpd\"",
					"-DHAVE_LIBDL",
					"-DUSEAPI_DUMMY",
					"-DPD",
					"-DHAVE_UNISTD_H",
				);
				PRODUCT_NAME = ModMusica;
				PROVISIONING_PROFILE = "";
				TARGETED_DEVICE_FAMILY = "1,2";
				USER_HEADER_SEARCH_PATHS = "$(SRCROOT)/../../BlackBox.framework/**";
			};
			name = Debug;
		};
		F2B2AB7019FF1739003042D6 /* Release */ = {
			isa = XCBuildConfiguration;
			baseConfigurationReference = 79D374DB4130BD64E7F9080A /* Pods-ModMusica.release.xcconfig */;
			buildSettings = {
				ASSETCATALOG_COMPILER_APPICON_NAME = AppIcon;
				CODE_SIGN_ENTITLEMENTS = ModMusica/ModMusica.entitlements;
				CODE_SIGN_IDENTITY = "iPhone Developer";
				"CODE_SIGN_IDENTITY[sdk=iphoneos*]" = "iPhone Distribution";
				INFOPLIST_FILE = ModMusica/Info.plist;
				LD_RUNPATH_SEARCH_PATHS = "$(inherited) @executable_path/Frameworks";
				LIBRARY_SEARCH_PATHS = (
					"$(inherited)",
					"$(PROJECT_DIR)",
					/Users/travishenspeter/Desktop,
					"$(PROJECT_DIR)/ModMusica",
				);
				OTHER_CFLAGS = (
					"$(inherited)",
					"-isystem",
					"\"${PODS_ROOT}/Headers/Public\"",
					"-isystem",
					"\"${PODS_ROOT}/Headers/Public/libpd\"",
					"-DHAVE_LIBDL",
					"-DUSEAPI_DUMMY",
					"-DPD",
					"-DHAVE_UNISTD_H",
				);
				PRODUCT_NAME = ModMusica;
				PROVISIONING_PROFILE = "";
				TARGETED_DEVICE_FAMILY = "1,2";
				USER_HEADER_SEARCH_PATHS = "$(SRCROOT)/../../BlackBox.framework/**";
			};
			name = Release;
		};
		F2B2AB7219FF1739003042D6 /* Debug */ = {
			isa = XCBuildConfiguration;
			buildSettings = {
				BUNDLE_LOADER = "$(TEST_HOST)";
				FRAMEWORK_SEARCH_PATHS = (
					"$(SDKROOT)/Developer/Library/Frameworks",
					"$(inherited)",
				);
				GCC_PREPROCESSOR_DEFINITIONS = (
					"DEBUG=1",
					"$(inherited)",
				);
				INFOPLIST_FILE = ModMusicaTests/Info.plist;
				LD_RUNPATH_SEARCH_PATHS = "$(inherited) @executable_path/Frameworks @loader_path/Frameworks";
				PRODUCT_NAME = "$(TARGET_NAME)";
				TEST_HOST = "$(BUILT_PRODUCTS_DIR)/ModMusica.app/ModMusica";
			};
			name = Debug;
		};
		F2B2AB7319FF1739003042D6 /* Release */ = {
			isa = XCBuildConfiguration;
			buildSettings = {
				BUNDLE_LOADER = "$(TEST_HOST)";
				FRAMEWORK_SEARCH_PATHS = (
					"$(SDKROOT)/Developer/Library/Frameworks",
					"$(inherited)",
				);
				INFOPLIST_FILE = ModMusicaTests/Info.plist;
				LD_RUNPATH_SEARCH_PATHS = "$(inherited) @executable_path/Frameworks @loader_path/Frameworks";
				PRODUCT_NAME = "$(TARGET_NAME)";
				TEST_HOST = "$(BUILT_PRODUCTS_DIR)/ModMusica.app/ModMusica";
			};
			name = Release;
		};
/* End XCBuildConfiguration section */

/* Begin XCConfigurationList section */
		F2B2AB4619FF1739003042D6 /* Build configuration list for PBXProject "ModMusica" */ = {
			isa = XCConfigurationList;
			buildConfigurations = (
				F2B2AB6C19FF1739003042D6 /* Debug */,
				F2B2AB6D19FF1739003042D6 /* Release */,
				F24F18E01B8FD350003C5389 /* Adhoc */,
			);
			defaultConfigurationIsVisible = 0;
			defaultConfigurationName = Release;
		};
		F2B2AB6E19FF1739003042D6 /* Build configuration list for PBXNativeTarget "ModMusica" */ = {
			isa = XCConfigurationList;
			buildConfigurations = (
				F2B2AB6F19FF1739003042D6 /* Debug */,
				F2B2AB7019FF1739003042D6 /* Release */,
				F24F18E11B8FD350003C5389 /* Adhoc */,
			);
			defaultConfigurationIsVisible = 0;
			defaultConfigurationName = Release;
		};
		F2B2AB7119FF1739003042D6 /* Build configuration list for PBXNativeTarget "ModMusicaTests" */ = {
			isa = XCConfigurationList;
			buildConfigurations = (
				F2B2AB7219FF1739003042D6 /* Debug */,
				F2B2AB7319FF1739003042D6 /* Release */,
				F24F18E21B8FD350003C5389 /* Adhoc */,
			);
			defaultConfigurationIsVisible = 0;
			defaultConfigurationName = Release;
		};
/* End XCConfigurationList section */
	};
	rootObject = F2B2AB4319FF1739003042D6 /* Project object */;
}
